// !$*UTF8*$!
{
	archiveVersion = 1;
	classes = {
	};
	objectVersion = 55;
	objects = {

/* Begin PBXBuildFile section */
		5E9CBF3929D9E0FC00271B40 /* RecipesModelModels.swift in Sources */ = {isa = PBXBuildFile; fileRef = 5E9CBF3829D9E0FC00271B40 /* RecipesModelModels.swift */; };
		5E9CBF3B29D9E20600271B40 /* RecipesAssembly.swift in Sources */ = {isa = PBXBuildFile; fileRef = 5E9CBF3A29D9E20600271B40 /* RecipesAssembly.swift */; };
		5E9CBF3D29D9E22300271B40 /* RecipesInteractor.swift in Sources */ = {isa = PBXBuildFile; fileRef = 5E9CBF3C29D9E22300271B40 /* RecipesInteractor.swift */; };
		5E9CBF3F29D9E27500271B40 /* RecipesPresenter.swift in Sources */ = {isa = PBXBuildFile; fileRef = 5E9CBF3E29D9E27500271B40 /* RecipesPresenter.swift */; };
		5E9CBF4129D9E29900271B40 /* RecipesRouter.swift in Sources */ = {isa = PBXBuildFile; fileRef = 5E9CBF4029D9E29900271B40 /* RecipesRouter.swift */; };
		5E9CBF4329D9E2C900271B40 /* RecipesViewController.swift in Sources */ = {isa = PBXBuildFile; fileRef = 5E9CBF4229D9E2C900271B40 /* RecipesViewController.swift */; };
		5E9CBF4629DB05DA00271B40 /* RecipesProtocols.swift in Sources */ = {isa = PBXBuildFile; fileRef = 5E9CBF4529DB05DA00271B40 /* RecipesProtocols.swift */; };
		5E9CBF4829DB114500271B40 /* RecipesScreenFactory.swift in Sources */ = {isa = PBXBuildFile; fileRef = 5E9CBF4729DB114500271B40 /* RecipesScreenFactory.swift */; };
		5E9CBF4A29DB125C00271B40 /* RecipesWorker.swift in Sources */ = {isa = PBXBuildFile; fileRef = 5E9CBF4929DB125C00271B40 /* RecipesWorker.swift */; };
		5E9CBF4D29DB162E00271B40 /* API service.swift in Sources */ = {isa = PBXBuildFile; fileRef = 5E9CBF4C29DB162E00271B40 /* API service.swift */; };
		5EAFA49929C8BB1600F453EC /* AppDelegate.swift in Sources */ = {isa = PBXBuildFile; fileRef = 5EAFA49829C8BB1600F453EC /* AppDelegate.swift */; };
		5EAFA49B29C8BB1600F453EC /* SceneDelegate.swift in Sources */ = {isa = PBXBuildFile; fileRef = 5EAFA49A29C8BB1600F453EC /* SceneDelegate.swift */; };
		5EAFA49D29C8BB1600F453EC /* ViewController.swift in Sources */ = {isa = PBXBuildFile; fileRef = 5EAFA49C29C8BB1600F453EC /* ViewController.swift */; };
		5EAFA4A029C8BB1600F453EC /* Main.storyboard in Resources */ = {isa = PBXBuildFile; fileRef = 5EAFA49E29C8BB1600F453EC /* Main.storyboard */; };
		5EAFA4A329C8BB1600F453EC /* FridgeRecipes.xcdatamodeld in Sources */ = {isa = PBXBuildFile; fileRef = 5EAFA4A129C8BB1600F453EC /* FridgeRecipes.xcdatamodeld */; };
		5EAFA4A529C8BB2900F453EC /* Assets.xcassets in Resources */ = {isa = PBXBuildFile; fileRef = 5EAFA4A429C8BB2900F453EC /* Assets.xcassets */; };
		5EAFA4A829C8BB2900F453EC /* LaunchScreen.storyboard in Resources */ = {isa = PBXBuildFile; fileRef = 5EAFA4A629C8BB2900F453EC /* LaunchScreen.storyboard */; };
/* End PBXBuildFile section */

/* Begin PBXFileReference section */
		5E9CBF3829D9E0FC00271B40 /* RecipesModelModels.swift */ = {isa = PBXFileReference; lastKnownFileType = sourcecode.swift; path = RecipesModelModels.swift; sourceTree = "<group>"; };
		5E9CBF3A29D9E20600271B40 /* RecipesAssembly.swift */ = {isa = PBXFileReference; lastKnownFileType = sourcecode.swift; path = RecipesAssembly.swift; sourceTree = "<group>"; };
		5E9CBF3C29D9E22300271B40 /* RecipesInteractor.swift */ = {isa = PBXFileReference; lastKnownFileType = sourcecode.swift; path = RecipesInteractor.swift; sourceTree = "<group>"; };
		5E9CBF3E29D9E27500271B40 /* RecipesPresenter.swift */ = {isa = PBXFileReference; lastKnownFileType = sourcecode.swift; path = RecipesPresenter.swift; sourceTree = "<group>"; };
		5E9CBF4029D9E29900271B40 /* RecipesRouter.swift */ = {isa = PBXFileReference; lastKnownFileType = sourcecode.swift; path = RecipesRouter.swift; sourceTree = "<group>"; };
		5E9CBF4229D9E2C900271B40 /* RecipesViewController.swift */ = {isa = PBXFileReference; lastKnownFileType = sourcecode.swift; path = RecipesViewController.swift; sourceTree = "<group>"; };
		5E9CBF4529DB05DA00271B40 /* RecipesProtocols.swift */ = {isa = PBXFileReference; lastKnownFileType = sourcecode.swift; path = RecipesProtocols.swift; sourceTree = "<group>"; };
		5E9CBF4729DB114500271B40 /* RecipesScreenFactory.swift */ = {isa = PBXFileReference; lastKnownFileType = sourcecode.swift; path = RecipesScreenFactory.swift; sourceTree = "<group>"; };
		5E9CBF4929DB125C00271B40 /* RecipesWorker.swift */ = {isa = PBXFileReference; lastKnownFileType = sourcecode.swift; path = RecipesWorker.swift; sourceTree = "<group>"; };
		5E9CBF4C29DB162E00271B40 /* API service.swift */ = {isa = PBXFileReference; lastKnownFileType = sourcecode.swift; path = "API service.swift"; sourceTree = "<group>"; };
		5EAFA49529C8BB1500F453EC /* FridgeRecipes.app */ = {isa = PBXFileReference; explicitFileType = wrapper.application; includeInIndex = 0; path = FridgeRecipes.app; sourceTree = BUILT_PRODUCTS_DIR; };
		5EAFA49829C8BB1600F453EC /* AppDelegate.swift */ = {isa = PBXFileReference; lastKnownFileType = sourcecode.swift; path = AppDelegate.swift; sourceTree = "<group>"; };
		5EAFA49A29C8BB1600F453EC /* SceneDelegate.swift */ = {isa = PBXFileReference; lastKnownFileType = sourcecode.swift; path = SceneDelegate.swift; sourceTree = "<group>"; };
		5EAFA49C29C8BB1600F453EC /* ViewController.swift */ = {isa = PBXFileReference; lastKnownFileType = sourcecode.swift; path = ViewController.swift; sourceTree = "<group>"; };
		5EAFA49F29C8BB1600F453EC /* Base */ = {isa = PBXFileReference; lastKnownFileType = file.storyboard; name = Base; path = Base.lproj/Main.storyboard; sourceTree = "<group>"; };
		5EAFA4A229C8BB1600F453EC /* FridgeRecipes.xcdatamodel */ = {isa = PBXFileReference; lastKnownFileType = wrapper.xcdatamodel; path = FridgeRecipes.xcdatamodel; sourceTree = "<group>"; };
		5EAFA4A429C8BB2900F453EC /* Assets.xcassets */ = {isa = PBXFileReference; lastKnownFileType = folder.assetcatalog; path = Assets.xcassets; sourceTree = "<group>"; };
		5EAFA4A729C8BB2900F453EC /* Base */ = {isa = PBXFileReference; lastKnownFileType = file.storyboard; name = Base; path = Base.lproj/LaunchScreen.storyboard; sourceTree = "<group>"; };
		5EAFA4A929C8BB2900F453EC /* Info.plist */ = {isa = PBXFileReference; lastKnownFileType = text.plist.xml; path = Info.plist; sourceTree = "<group>"; };
/* End PBXFileReference section */

/* Begin PBXFrameworksBuildPhase section */
		5EAFA49229C8BB1500F453EC /* Frameworks */ = {
			isa = PBXFrameworksBuildPhase;
			buildActionMask = 2147483647;
			files = (
			);
			runOnlyForDeploymentPostprocessing = 0;
		};
/* End PBXFrameworksBuildPhase section */

/* Begin PBXGroup section */
		5E9CBF3229D9DF9000271B40 /* src */ = {
			isa = PBXGroup;
			children = (
				5E9CBF4B29DB161500271B40 /* Service */,
				5E9CBF3329D9DFA300271B40 /* Screens */,
			);
			path = src;
			sourceTree = "<group>";
		};
		5E9CBF3329D9DFA300271B40 /* Screens */ = {
			isa = PBXGroup;
			children = (
				5E9CBF3429D9DFB400271B40 /* RecipesScreen */,
			);
			path = Screens;
			sourceTree = "<group>";
		};
		5E9CBF3429D9DFB400271B40 /* RecipesScreen */ = {
			isa = PBXGroup;
			children = (
				5E9CBF4429DB05C100271B40 /* Protocols */,
				5E9CBF3629D9E0B100271B40 /* UI */,
				5E9CBF3529D9E07D00271B40 /* Models */,
				5E9CBF3A29D9E20600271B40 /* RecipesAssembly.swift */,
				5E9CBF3E29D9E27500271B40 /* RecipesPresenter.swift */,
				5E9CBF3C29D9E22300271B40 /* RecipesInteractor.swift */,
				5E9CBF4029D9E29900271B40 /* RecipesRouter.swift */,
				5E9CBF4929DB125C00271B40 /* RecipesWorker.swift */,
			);
			path = RecipesScreen;
			sourceTree = "<group>";
		};
		5E9CBF3529D9E07D00271B40 /* Models */ = {
			isa = PBXGroup;
			children = (
				5E9CBF3829D9E0FC00271B40 /* RecipesModelModels.swift */,
			);
			path = Models;
			sourceTree = "<group>";
		};
		5E9CBF3629D9E0B100271B40 /* UI */ = {
			isa = PBXGroup;
			children = (
				5E9CBF3729D9E0BE00271B40 /* Components */,
				5E9CBF4729DB114500271B40 /* RecipesScreenFactory.swift */,
				5E9CBF4229D9E2C900271B40 /* RecipesViewController.swift */,
			);
			path = UI;
			sourceTree = "<group>";
		};
		5E9CBF3729D9E0BE00271B40 /* Components */ = {
			isa = PBXGroup;
			children = (
			);
			path = Components;
			sourceTree = "<group>";
		};
		5E9CBF4429DB05C100271B40 /* Protocols */ = {
			isa = PBXGroup;
			children = (
				5E9CBF4529DB05DA00271B40 /* RecipesProtocols.swift */,
			);
			path = Protocols;
			sourceTree = "<group>";
		};
		5E9CBF4B29DB161500271B40 /* Service */ = {
			isa = PBXGroup;
			children = (
				5E9CBF4C29DB162E00271B40 /* API service.swift */,
			);
			path = Service;
			sourceTree = "<group>";
		};
		5EAFA48C29C8BB1500F453EC = {
			isa = PBXGroup;
			children = (
				5EAFA49729C8BB1600F453EC /* FridgeRecipes */,
				5EAFA49629C8BB1600F453EC /* Products */,
			);
			sourceTree = "<group>";
		};
		5EAFA49629C8BB1600F453EC /* Products */ = {
			isa = PBXGroup;
			children = (
				5EAFA49529C8BB1500F453EC /* FridgeRecipes.app */,
			);
			name = Products;
			sourceTree = "<group>";
		};
		5EAFA49729C8BB1600F453EC /* FridgeRecipes */ = {
			isa = PBXGroup;
			children = (
				5E9CBF3229D9DF9000271B40 /* src */,
				5EAFA49829C8BB1600F453EC /* AppDelegate.swift */,
				5EAFA49A29C8BB1600F453EC /* SceneDelegate.swift */,
				5EAFA49C29C8BB1600F453EC /* ViewController.swift */,
				5EAFA49E29C8BB1600F453EC /* Main.storyboard */,
				5EAFA4A429C8BB2900F453EC /* Assets.xcassets */,
				5EAFA4A629C8BB2900F453EC /* LaunchScreen.storyboard */,
				5EAFA4A929C8BB2900F453EC /* Info.plist */,
				5EAFA4A129C8BB1600F453EC /* FridgeRecipes.xcdatamodeld */,
			);
			path = FridgeRecipes;
			sourceTree = "<group>";
		};
/* End PBXGroup section */

/* Begin PBXNativeTarget section */
		5EAFA49429C8BB1500F453EC /* FridgeRecipes */ = {
			isa = PBXNativeTarget;
			buildConfigurationList = 5EAFA4AC29C8BB2900F453EC /* Build configuration list for PBXNativeTarget "FridgeRecipes" */;
			buildPhases = (
				5EAFA49129C8BB1500F453EC /* Sources */,
				5EAFA49229C8BB1500F453EC /* Frameworks */,
				5EAFA49329C8BB1500F453EC /* Resources */,
			);
			buildRules = (
			);
			dependencies = (
			);
			name = FridgeRecipes;
			productName = FridgeRecipes;
			productReference = 5EAFA49529C8BB1500F453EC /* FridgeRecipes.app */;
			productType = "com.apple.product-type.application";
		};
/* End PBXNativeTarget section */

/* Begin PBXProject section */
		5EAFA48D29C8BB1500F453EC /* Project object */ = {
			isa = PBXProject;
			attributes = {
				BuildIndependentTargetsInParallel = 1;
				LastSwiftUpdateCheck = 1320;
				LastUpgradeCheck = 1320;
				TargetAttributes = {
					5EAFA49429C8BB1500F453EC = {
						CreatedOnToolsVersion = 13.2.1;
					};
				};
			};
			buildConfigurationList = 5EAFA49029C8BB1500F453EC /* Build configuration list for PBXProject "FridgeRecipes" */;
			compatibilityVersion = "Xcode 13.0";
			developmentRegion = en;
			hasScannedForEncodings = 0;
			knownRegions = (
				en,
				Base,
			);
			mainGroup = 5EAFA48C29C8BB1500F453EC;
			productRefGroup = 5EAFA49629C8BB1600F453EC /* Products */;
			projectDirPath = "";
			projectRoot = "";
			targets = (
				5EAFA49429C8BB1500F453EC /* FridgeRecipes */,
			);
		};
/* End PBXProject section */

/* Begin PBXResourcesBuildPhase section */
		5EAFA49329C8BB1500F453EC /* Resources */ = {
			isa = PBXResourcesBuildPhase;
			buildActionMask = 2147483647;
			files = (
				5EAFA4A829C8BB2900F453EC /* LaunchScreen.storyboard in Resources */,
				5EAFA4A529C8BB2900F453EC /* Assets.xcassets in Resources */,
				5EAFA4A029C8BB1600F453EC /* Main.storyboard in Resources */,
			);
			runOnlyForDeploymentPostprocessing = 0;
		};
/* End PBXResourcesBuildPhase section */

/* Begin PBXSourcesBuildPhase section */
		5EAFA49129C8BB1500F453EC /* Sources */ = {
			isa = PBXSourcesBuildPhase;
			buildActionMask = 2147483647;
			files = (
				5E9CBF4629DB05DA00271B40 /* RecipesProtocols.swift in Sources */,
				5E9CBF4D29DB162E00271B40 /* API service.swift in Sources */,
				5EAFA49D29C8BB1600F453EC /* ViewController.swift in Sources */,
				5EAFA49929C8BB1600F453EC /* AppDelegate.swift in Sources */,
				5EAFA4A329C8BB1600F453EC /* FridgeRecipes.xcdatamodeld in Sources */,
				5E9CBF3F29D9E27500271B40 /* RecipesPresenter.swift in Sources */,
				5EAFA49B29C8BB1600F453EC /* SceneDelegate.swift in Sources */,
				5E9CBF4A29DB125C00271B40 /* RecipesWorker.swift in Sources */,
				5E9CBF3B29D9E20600271B40 /* RecipesAssembly.swift in Sources */,
				5E9CBF3D29D9E22300271B40 /* RecipesInteractor.swift in Sources */,
				5E9CBF4829DB114500271B40 /* RecipesScreenFactory.swift in Sources */,
				5E9CBF3929D9E0FC00271B40 /* RecipesModelModels.swift in Sources */,
				5E9CBF4129D9E29900271B40 /* RecipesRouter.swift in Sources */,
				5E9CBF4329D9E2C900271B40 /* RecipesViewController.swift in Sources */,
			);
			runOnlyForDeploymentPostprocessing = 0;
		};
/* End PBXSourcesBuildPhase section */

/* Begin PBXVariantGroup section */
		5EAFA49E29C8BB1600F453EC /* Main.storyboard */ = {
			isa = PBXVariantGroup;
			children = (
				5EAFA49F29C8BB1600F453EC /* Base */,
			);
			name = Main.storyboard;
			sourceTree = "<group>";
		};
		5EAFA4A629C8BB2900F453EC /* LaunchScreen.storyboard */ = {
			isa = PBXVariantGroup;
			children = (
				5EAFA4A729C8BB2900F453EC /* Base */,
			);
			name = LaunchScreen.storyboard;
			sourceTree = "<group>";
		};
/* End PBXVariantGroup section */

/* Begin XCBuildConfiguration section */
		5EAFA4AA29C8BB2900F453EC /* Debug */ = {
			isa = XCBuildConfiguration;
			buildSettings = {
				ALWAYS_SEARCH_USER_PATHS = NO;
				CLANG_ANALYZER_NONNULL = YES;
				CLANG_ANALYZER_NUMBER_OBJECT_CONVERSION = YES_AGGRESSIVE;
				CLANG_CXX_LANGUAGE_STANDARD = "gnu++17";
				CLANG_CXX_LIBRARY = "libc++";
				CLANG_ENABLE_MODULES = YES;
				CLANG_ENABLE_OBJC_ARC = YES;
				CLANG_ENABLE_OBJC_WEAK = YES;
				CLANG_WARN_BLOCK_CAPTURE_AUTORELEASING = YES;
				CLANG_WARN_BOOL_CONVERSION = YES;
				CLANG_WARN_COMMA = YES;
				CLANG_WARN_CONSTANT_CONVERSION = YES;
				CLANG_WARN_DEPRECATED_OBJC_IMPLEMENTATIONS = YES;
				CLANG_WARN_DIRECT_OBJC_ISA_USAGE = YES_ERROR;
				CLANG_WARN_DOCUMENTATION_COMMENTS = YES;
				CLANG_WARN_EMPTY_BODY = YES;
				CLANG_WARN_ENUM_CONVERSION = YES;
				CLANG_WARN_INFINITE_RECURSION = YES;
				CLANG_WARN_INT_CONVERSION = YES;
				CLANG_WARN_NON_LITERAL_NULL_CONVERSION = YES;
				CLANG_WARN_OBJC_IMPLICIT_RETAIN_SELF = YES;
				CLANG_WARN_OBJC_LITERAL_CONVERSION = YES;
				CLANG_WARN_OBJC_ROOT_CLASS = YES_ERROR;
				CLANG_WARN_QUOTED_INCLUDE_IN_FRAMEWORK_HEADER = YES;
				CLANG_WARN_RANGE_LOOP_ANALYSIS = YES;
				CLANG_WARN_STRICT_PROTOTYPES = YES;
				CLANG_WARN_SUSPICIOUS_MOVE = YES;
				CLANG_WARN_UNGUARDED_AVAILABILITY = YES_AGGRESSIVE;
				CLANG_WARN_UNREACHABLE_CODE = YES;
				CLANG_WARN__DUPLICATE_METHOD_MATCH = YES;
				COPY_PHASE_STRIP = NO;
				DEBUG_INFORMATION_FORMAT = dwarf;
				ENABLE_STRICT_OBJC_MSGSEND = YES;
				ENABLE_TESTABILITY = YES;
				GCC_C_LANGUAGE_STANDARD = gnu11;
				GCC_DYNAMIC_NO_PIC = NO;
				GCC_NO_COMMON_BLOCKS = YES;
				GCC_OPTIMIZATION_LEVEL = 0;
				GCC_PREPROCESSOR_DEFINITIONS = (
					"DEBUG=1",
					"$(inherited)",
				);
				GCC_WARN_64_TO_32_BIT_CONVERSION = YES;
				GCC_WARN_ABOUT_RETURN_TYPE = YES_ERROR;
				GCC_WARN_UNDECLARED_SELECTOR = YES;
				GCC_WARN_UNINITIALIZED_AUTOS = YES_AGGRESSIVE;
				GCC_WARN_UNUSED_FUNCTION = YES;
				GCC_WARN_UNUSED_VARIABLE = YES;
				IPHONEOS_DEPLOYMENT_TARGET = 15.2;
				MTL_ENABLE_DEBUG_INFO = INCLUDE_SOURCE;
				MTL_FAST_MATH = YES;
				ONLY_ACTIVE_ARCH = YES;
				SDKROOT = iphoneos;
				SWIFT_ACTIVE_COMPILATION_CONDITIONS = DEBUG;
				SWIFT_OPTIMIZATION_LEVEL = "-Onone";
			};
			name = Debug;
		};
		5EAFA4AB29C8BB2900F453EC /* Release */ = {
			isa = XCBuildConfiguration;
			buildSettings = {
				ALWAYS_SEARCH_USER_PATHS = NO;
				CLANG_ANALYZER_NONNULL = YES;
				CLANG_ANALYZER_NUMBER_OBJECT_CONVERSION = YES_AGGRESSIVE;
				CLANG_CXX_LANGUAGE_STANDARD = "gnu++17";
				CLANG_CXX_LIBRARY = "libc++";
				CLANG_ENABLE_MODULES = YES;
				CLANG_ENABLE_OBJC_ARC = YES;
				CLANG_ENABLE_OBJC_WEAK = YES;
				CLANG_WARN_BLOCK_CAPTURE_AUTORELEASING = YES;
				CLANG_WARN_BOOL_CONVERSION = YES;
				CLANG_WARN_COMMA = YES;
				CLANG_WARN_CONSTANT_CONVERSION = YES;
				CLANG_WARN_DEPRECATED_OBJC_IMPLEMENTATIONS = YES;
				CLANG_WARN_DIRECT_OBJC_ISA_USAGE = YES_ERROR;
				CLANG_WARN_DOCUMENTATION_COMMENTS = YES;
				CLANG_WARN_EMPTY_BODY = YES;
				CLANG_WARN_ENUM_CONVERSION = YES;
				CLANG_WARN_INFINITE_RECURSION = YES;
				CLANG_WARN_INT_CONVERSION = YES;
				CLANG_WARN_NON_LITERAL_NULL_CONVERSION = YES;
				CLANG_WARN_OBJC_IMPLICIT_RETAIN_SELF = YES;
				CLANG_WARN_OBJC_LITERAL_CONVERSION = YES;
				CLANG_WARN_OBJC_ROOT_CLASS = YES_ERROR;
				CLANG_WARN_QUOTED_INCLUDE_IN_FRAMEWORK_HEADER = YES;
				CLANG_WARN_RANGE_LOOP_ANALYSIS = YES;
				CLANG_WARN_STRICT_PROTOTYPES = YES;
				CLANG_WARN_SUSPICIOUS_MOVE = YES;
				CLANG_WARN_UNGUARDED_AVAILABILITY = YES_AGGRESSIVE;
				CLANG_WARN_UNREACHABLE_CODE = YES;
				CLANG_WARN__DUPLICATE_METHOD_MATCH = YES;
				COPY_PHASE_STRIP = NO;
				DEBUG_INFORMATION_FORMAT = "dwarf-with-dsym";
				ENABLE_NS_ASSERTIONS = NO;
				ENABLE_STRICT_OBJC_MSGSEND = YES;
				GCC_C_LANGUAGE_STANDARD = gnu11;
				GCC_NO_COMMON_BLOCKS = YES;
				GCC_WARN_64_TO_32_BIT_CONVERSION = YES;
				GCC_WARN_ABOUT_RETURN_TYPE = YES_ERROR;
				GCC_WARN_UNDECLARED_SELECTOR = YES;
				GCC_WARN_UNINITIALIZED_AUTOS = YES_AGGRESSIVE;
				GCC_WARN_UNUSED_FUNCTION = YES;
				GCC_WARN_UNUSED_VARIABLE = YES;
				IPHONEOS_DEPLOYMENT_TARGET = 15.2;
				MTL_ENABLE_DEBUG_INFO = NO;
				MTL_FAST_MATH = YES;
				SDKROOT = iphoneos;
				SWIFT_COMPILATION_MODE = wholemodule;
				SWIFT_OPTIMIZATION_LEVEL = "-O";
				VALIDATE_PRODUCT = YES;
			};
			name = Release;
		};
		5EAFA4AD29C8BB2900F453EC /* Debug */ = {
			isa = XCBuildConfiguration;
			buildSettings = {
				ASSETCATALOG_COMPILER_APPICON_NAME = AppIcon;
				ASSETCATALOG_COMPILER_GLOBAL_ACCENT_COLOR_NAME = AccentColor;
				CODE_SIGN_STYLE = Automatic;
				CURRENT_PROJECT_VERSION = 1;
				DEVELOPMENT_TEAM = CHVJJFPFSF;
				GENERATE_INFOPLIST_FILE = YES;
				INFOPLIST_FILE = FridgeRecipes/Info.plist;
				INFOPLIST_KEY_UIApplicationSupportsIndirectInputEvents = YES;
				INFOPLIST_KEY_UILaunchStoryboardName = LaunchScreen;
				INFOPLIST_KEY_UIMainStoryboardFile = Main;
				INFOPLIST_KEY_UISupportedInterfaceOrientations_iPad = "UIInterfaceOrientationPortrait UIInterfaceOrientationPortraitUpsideDown UIInterfaceOrientationLandscapeLeft UIInterfaceOrientationLandscapeRight";
				INFOPLIST_KEY_UISupportedInterfaceOrientations_iPhone = "UIInterfaceOrientationPortrait UIInterfaceOrientationLandscapeLeft UIInterfaceOrientationLandscapeRight";
				LD_RUNPATH_SEARCH_PATHS = (
					"$(inherited)",
					"@executable_path/Frameworks",
				);
				MARKETING_VERSION = 1.0;
				PRODUCT_BUNDLE_IDENTIFIER = hse.FridgeRecipes;
				PRODUCT_NAME = "$(TARGET_NAME)";
				SWIFT_EMIT_LOC_STRINGS = YES;
				SWIFT_VERSION = 5.0;
				TARGETED_DEVICE_FAMILY = "1,2";
			};
			name = Debug;
		};
		5EAFA4AE29C8BB2900F453EC /* Release */ = {
			isa = XCBuildConfiguration;
			buildSettings = {
				ASSETCATALOG_COMPILER_APPICON_NAME = AppIcon;
				ASSETCATALOG_COMPILER_GLOBAL_ACCENT_COLOR_NAME = AccentColor;
				CODE_SIGN_STYLE = Automatic;
				CURRENT_PROJECT_VERSION = 1;
				DEVELOPMENT_TEAM = CHVJJFPFSF;
				GENERATE_INFOPLIST_FILE = YES;
				INFOPLIST_FILE = FridgeRecipes/Info.plist;
				INFOPLIST_KEY_UIApplicationSupportsIndirectInputEvents = YES;
				INFOPLIST_KEY_UILaunchStoryboardName = LaunchScreen;
				INFOPLIST_KEY_UIMainStoryboardFile = Main;
				INFOPLIST_KEY_UISupportedInterfaceOrientations_iPad = "UIInterfaceOrientationPortrait UIInterfaceOrientationPortraitUpsideDown UIInterfaceOrientationLandscapeLeft UIInterfaceOrientationLandscapeRight";
				INFOPLIST_KEY_UISupportedInterfaceOrientations_iPhone = "UIInterfaceOrientationPortrait UIInterfaceOrientationLandscapeLeft UIInterfaceOrientationLandscapeRight";
				LD_RUNPATH_SEARCH_PATHS = (
					"$(inherited)",
					"@executable_path/Frameworks",
				);
				MARKETING_VERSION = 1.0;
				PRODUCT_BUNDLE_IDENTIFIER = hse.FridgeRecipes;
				PRODUCT_NAME = "$(TARGET_NAME)";
				SWIFT_EMIT_LOC_STRINGS = YES;
				SWIFT_VERSION = 5.0;
				TARGETED_DEVICE_FAMILY = "1,2";
			};
			name = Release;
		};
/* End XCBuildConfiguration section */

/* Begin XCConfigurationList section */
		5EAFA49029C8BB1500F453EC /* Build configuration list for PBXProject "FridgeRecipes" */ = {
			isa = XCConfigurationList;
			buildConfigurations = (
				5EAFA4AA29C8BB2900F453EC /* Debug */,
				5EAFA4AB29C8BB2900F453EC /* Release */,
			);
			defaultConfigurationIsVisible = 0;
			defaultConfigurationName = Release;
		};
		5EAFA4AC29C8BB2900F453EC /* Build configuration list for PBXNativeTarget "FridgeRecipes" */ = {
			isa = XCConfigurationList;
			buildConfigurations = (
				5EAFA4AD29C8BB2900F453EC /* Debug */,
				5EAFA4AE29C8BB2900F453EC /* Release */,
			);
			defaultConfigurationIsVisible = 0;
			defaultConfigurationName = Release;
		};
/* End XCConfigurationList section */

/* Begin XCVersionGroup section */
		5EAFA4A129C8BB1600F453EC /* FridgeRecipes.xcdatamodeld */ = {
			isa = XCVersionGroup;
			children = (
				5EAFA4A229C8BB1600F453EC /* FridgeRecipes.xcdatamodel */,
			);
			currentVersion = 5EAFA4A229C8BB1600F453EC /* FridgeRecipes.xcdatamodel */;
			path = FridgeRecipes.xcdatamodeld;
			sourceTree = "<group>";
			versionGroupType = wrapper.xcdatamodel;
		};
/* End XCVersionGroup section */
	};
	rootObject = 5EAFA48D29C8BB1500F453EC /* Project object */;
}
