// !$*UTF8*$!
{
	archiveVersion = 1;
	classes = {
	};
	objectVersion = 55;
	objects = {

/* Begin PBXBuildFile section */
		5E06CBC629EC0F3D00AC0BE4 /* NothingFoundStack.swift in Sources */ = {isa = PBXBuildFile; fileRef = 5E06CBC529EC0F3D00AC0BE4 /* NothingFoundStack.swift */; };
		5E06CBD929EC5B4C00AC0BE4 /* StoriesProtocols.swift in Sources */ = {isa = PBXBuildFile; fileRef = 5E06CBD829EC5B4C00AC0BE4 /* StoriesProtocols.swift */; };
		5E06CBDB29EC5B6400AC0BE4 /* StoriesModels.swift in Sources */ = {isa = PBXBuildFile; fileRef = 5E06CBDA29EC5B6400AC0BE4 /* StoriesModels.swift */; };
		5E06CBDD29EC5C0100AC0BE4 /*  StoriesViewController.swift in Sources */ = {isa = PBXBuildFile; fileRef = 5E06CBDC29EC5C0100AC0BE4 /*  StoriesViewController.swift */; };
		5E06CBE029EC5C5F00AC0BE4 /* StoriesScrollView.swift in Sources */ = {isa = PBXBuildFile; fileRef = 5E06CBDF29EC5C5F00AC0BE4 /* StoriesScrollView.swift */; };
		5E06CBE229EC5C7700AC0BE4 /* StackViewStories.swift in Sources */ = {isa = PBXBuildFile; fileRef = 5E06CBE129EC5C7700AC0BE4 /* StackViewStories.swift */; };
		5E4CA51129EAEB3D00EED734 /* NutritionMainInfoView.swift in Sources */ = {isa = PBXBuildFile; fileRef = 5E4CA51029EAEB3D00EED734 /* NutritionMainInfoView.swift */; };
		5E4CA51329EAEB5400EED734 /* NutritionInfoView.swift in Sources */ = {isa = PBXBuildFile; fileRef = 5E4CA51229EAEB5400EED734 /* NutritionInfoView.swift */; };
		5E4CA51529EAEB8C00EED734 /* NutritionFactory.swift in Sources */ = {isa = PBXBuildFile; fileRef = 5E4CA51429EAEB8C00EED734 /* NutritionFactory.swift */; };
		5E4CA51729EAEE7700EED734 /* CaloriesView.swift in Sources */ = {isa = PBXBuildFile; fileRef = 5E4CA51629EAEE7700EED734 /* CaloriesView.swift */; };
		5E4CA53229EB2D3200EED734 /* PersonalRecipesRouter.swift in Sources */ = {isa = PBXBuildFile; fileRef = 5E4CA53129EB2D3200EED734 /* PersonalRecipesRouter.swift */; };
		5E4CA53429EB2D4D00EED734 /* PersonalRecipesAssembly.swift in Sources */ = {isa = PBXBuildFile; fileRef = 5E4CA53329EB2D4D00EED734 /* PersonalRecipesAssembly.swift */; };
		5E4CA53629EB2D6500EED734 /* PersonalRecipesWorker.swift in Sources */ = {isa = PBXBuildFile; fileRef = 5E4CA53529EB2D6500EED734 /* PersonalRecipesWorker.swift */; };
		5E4CA53829EB2D7D00EED734 /* PersonalRecipesPresenter.swift in Sources */ = {isa = PBXBuildFile; fileRef = 5E4CA53729EB2D7D00EED734 /* PersonalRecipesPresenter.swift */; };
		5E4CA53A29EB2D9400EED734 /* PersonalRecipesInteractor.swift in Sources */ = {isa = PBXBuildFile; fileRef = 5E4CA53929EB2D9400EED734 /* PersonalRecipesInteractor.swift */; };
		5E4CA53C29EB2DB300EED734 /* PersonalRecipesProtocols.swift in Sources */ = {isa = PBXBuildFile; fileRef = 5E4CA53B29EB2DB300EED734 /* PersonalRecipesProtocols.swift */; };
		5E4CA53E29EB2DCD00EED734 /* PersonalRecipesViewController.swift in Sources */ = {isa = PBXBuildFile; fileRef = 5E4CA53D29EB2DCD00EED734 /* PersonalRecipesViewController.swift */; };
		5E4CA54029EBF0F500EED734 /* RewardCell.swift in Sources */ = {isa = PBXBuildFile; fileRef = 5E4CA53F29EBF0F500EED734 /* RewardCell.swift */; };
		5E9CBF3929D9E0FC00271B40 /* MainModels.swift in Sources */ = {isa = PBXBuildFile; fileRef = 5E9CBF3829D9E0FC00271B40 /* MainModels.swift */; };
		5E9CBF3B29D9E20600271B40 /* MainAssembly.swift in Sources */ = {isa = PBXBuildFile; fileRef = 5E9CBF3A29D9E20600271B40 /* MainAssembly.swift */; };
		5E9CBF3D29D9E22300271B40 /* MainInteractor.swift in Sources */ = {isa = PBXBuildFile; fileRef = 5E9CBF3C29D9E22300271B40 /* MainInteractor.swift */; };
		5E9CBF3F29D9E27500271B40 /* MainPresenter.swift in Sources */ = {isa = PBXBuildFile; fileRef = 5E9CBF3E29D9E27500271B40 /* MainPresenter.swift */; };
		5E9CBF4129D9E29900271B40 /* MainRouter.swift in Sources */ = {isa = PBXBuildFile; fileRef = 5E9CBF4029D9E29900271B40 /* MainRouter.swift */; };
		5E9CBF4329D9E2C900271B40 /* MainViewController.swift in Sources */ = {isa = PBXBuildFile; fileRef = 5E9CBF4229D9E2C900271B40 /* MainViewController.swift */; };
		5E9CBF4629DB05DA00271B40 /* MainProtocols.swift in Sources */ = {isa = PBXBuildFile; fileRef = 5E9CBF4529DB05DA00271B40 /* MainProtocols.swift */; };
		5E9CBF4829DB114500271B40 /* MainScreenFactory.swift in Sources */ = {isa = PBXBuildFile; fileRef = 5E9CBF4729DB114500271B40 /* MainScreenFactory.swift */; };
		5E9CBF4A29DB125C00271B40 /* MainWorker.swift in Sources */ = {isa = PBXBuildFile; fileRef = 5E9CBF4929DB125C00271B40 /* MainWorker.swift */; };
		5E9CBF4D29DB162E00271B40 /* API service.swift in Sources */ = {isa = PBXBuildFile; fileRef = 5E9CBF4C29DB162E00271B40 /* API service.swift */; };
		5E9CBF4F29DB352900271B40 /* IngredientSuggestionCell.swift in Sources */ = {isa = PBXBuildFile; fileRef = 5E9CBF4E29DB352900271B40 /* IngredientSuggestionCell.swift */; };
		5E9CBF5229DB356600271B40 /* UIColor+Extension.swift in Sources */ = {isa = PBXBuildFile; fileRef = 5E9CBF5129DB356600271B40 /* UIColor+Extension.swift */; };
		5E9CBF5429DC79F700271B40 /* IngredientDataSource.swift in Sources */ = {isa = PBXBuildFile; fileRef = 5E9CBF5329DC79F700271B40 /* IngredientDataSource.swift */; };
		5E9CBF5629DC7C3500271B40 /* IngredientSuggestion.swift in Sources */ = {isa = PBXBuildFile; fileRef = 5E9CBF5529DC7C3500271B40 /* IngredientSuggestion.swift */; };
		5EAFA49929C8BB1600F453EC /* AppDelegate.swift in Sources */ = {isa = PBXBuildFile; fileRef = 5EAFA49829C8BB1600F453EC /* AppDelegate.swift */; };
		5EAFA49B29C8BB1600F453EC /* SceneDelegate.swift in Sources */ = {isa = PBXBuildFile; fileRef = 5EAFA49A29C8BB1600F453EC /* SceneDelegate.swift */; };
		5EAFA49D29C8BB1600F453EC /* ViewController.swift in Sources */ = {isa = PBXBuildFile; fileRef = 5EAFA49C29C8BB1600F453EC /* ViewController.swift */; };
		5EAFA4A029C8BB1600F453EC /* Main.storyboard in Resources */ = {isa = PBXBuildFile; fileRef = 5EAFA49E29C8BB1600F453EC /* Main.storyboard */; };
		5EAFA4A329C8BB1600F453EC /* FridgeRecipes.xcdatamodeld in Sources */ = {isa = PBXBuildFile; fileRef = 5EAFA4A129C8BB1600F453EC /* FridgeRecipes.xcdatamodeld */; };
		5EAFA4A529C8BB2900F453EC /* Assets.xcassets in Resources */ = {isa = PBXBuildFile; fileRef = 5EAFA4A429C8BB2900F453EC /* Assets.xcassets */; };
		5EAFA4A829C8BB2900F453EC /* LaunchScreen.storyboard in Resources */ = {isa = PBXBuildFile; fileRef = 5EAFA4A629C8BB2900F453EC /* LaunchScreen.storyboard */; };
		5EB27FC629E6F93D00866252 /* PersonalContainerView.swift in Sources */ = {isa = PBXBuildFile; fileRef = 5EB27FC529E6F93D00866252 /* PersonalContainerView.swift */; };
		5EB27FCD29E706C800866252 /* RecipeInfoViewController.swift in Sources */ = {isa = PBXBuildFile; fileRef = 5EB27FCC29E706C800866252 /* RecipeInfoViewController.swift */; };
		5EB27FCF29E706E300866252 /* RecipeInfoWorker.swift in Sources */ = {isa = PBXBuildFile; fileRef = 5EB27FCE29E706E300866252 /* RecipeInfoWorker.swift */; };
		5EB27FD129E706F600866252 /* RecipeInfoRouter.swift in Sources */ = {isa = PBXBuildFile; fileRef = 5EB27FD029E706F600866252 /* RecipeInfoRouter.swift */; };
		5EB27FD329E7071200866252 /* RecipeInfoInteractor.swift in Sources */ = {isa = PBXBuildFile; fileRef = 5EB27FD229E7071200866252 /* RecipeInfoInteractor.swift */; };
		5EB27FD529E7072000866252 /* RecipeInfoPresenter.swift in Sources */ = {isa = PBXBuildFile; fileRef = 5EB27FD429E7072000866252 /* RecipeInfoPresenter.swift */; };
		5EB27FD729E7073200866252 /* RecipeInfoAssembly.swift in Sources */ = {isa = PBXBuildFile; fileRef = 5EB27FD629E7073200866252 /* RecipeInfoAssembly.swift */; };
		5EB27FD929E70E6B00866252 /* RecipeInfoProtocols.swift in Sources */ = {isa = PBXBuildFile; fileRef = 5EB27FD829E70E6B00866252 /* RecipeInfoProtocols.swift */; };
		5EB27FDB29E7132000866252 /* RecipeInfoFactory.swift in Sources */ = {isa = PBXBuildFile; fileRef = 5EB27FDA29E7132000866252 /* RecipeInfoFactory.swift */; };
		5EB27FDD29E7138300866252 /* LikeButton.swift in Sources */ = {isa = PBXBuildFile; fileRef = 5EB27FDC29E7138300866252 /* LikeButton.swift */; };
		5EB27FDF29E713A200866252 /* RoundButtonWithBlur.swift in Sources */ = {isa = PBXBuildFile; fileRef = 5EB27FDE29E713A200866252 /* RoundButtonWithBlur.swift */; };
		5EB27FE129E7171600866252 /* RecipeInfoModel.swift in Sources */ = {isa = PBXBuildFile; fileRef = 5EB27FE029E7171600866252 /* RecipeInfoModel.swift */; };
		5EB27FE329E71C9700866252 /* LoadingSplashScreen.swift in Sources */ = {isa = PBXBuildFile; fileRef = 5EB27FE229E71C9700866252 /* LoadingSplashScreen.swift */; };
		5EB27FE529E740E700866252 /* NutritionViewController.swift in Sources */ = {isa = PBXBuildFile; fileRef = 5EB27FE429E740E700866252 /* NutritionViewController.swift */; };
		5EB27FEC29E7445900866252 /* NutritionWorker.swift in Sources */ = {isa = PBXBuildFile; fileRef = 5EB27FEB29E7445900866252 /* NutritionWorker.swift */; };
		5EB27FEE29E7448600866252 /* NutritionInteractor.swift in Sources */ = {isa = PBXBuildFile; fileRef = 5EB27FED29E7448600866252 /* NutritionInteractor.swift */; };
		5EB27FF029E7449A00866252 /* NutritionPresenter.swift in Sources */ = {isa = PBXBuildFile; fileRef = 5EB27FEF29E7449A00866252 /* NutritionPresenter.swift */; };
		5EB27FF229E744AF00866252 /* NutritionAssembly.swift in Sources */ = {isa = PBXBuildFile; fileRef = 5EB27FF129E744AF00866252 /* NutritionAssembly.swift */; };
		5EB27FF429E744D300866252 /* NutritionProtocols.swift in Sources */ = {isa = PBXBuildFile; fileRef = 5EB27FF329E744D300866252 /* NutritionProtocols.swift */; };
		5EB27FF629E744FD00866252 /* NutritionModel.swift in Sources */ = {isa = PBXBuildFile; fileRef = 5EB27FF529E744FD00866252 /* NutritionModel.swift */; };
		5ECB79B229E1D8400094CE81 /* NetworkError.swift in Sources */ = {isa = PBXBuildFile; fileRef = 5ECB79B129E1D8400094CE81 /* NetworkError.swift */; };
		5ECB79B629E1DA350094CE81 /* FoodRequestUtils.swift in Sources */ = {isa = PBXBuildFile; fileRef = 5ECB79B529E1DA350094CE81 /* FoodRequestUtils.swift */; };
		5ECB79B829E1EB500094CE81 /* RecipeInfo.swift in Sources */ = {isa = PBXBuildFile; fileRef = 5ECB79B729E1EB500094CE81 /* RecipeInfo.swift */; };
		5ECB79BE29E2C99D0094CE81 /* RecipesViewController.swift in Sources */ = {isa = PBXBuildFile; fileRef = 5ECB79BD29E2C99D0094CE81 /* RecipesViewController.swift */; };
		5ECB79C029E2C9F20094CE81 /* RecipesAssembly.swift in Sources */ = {isa = PBXBuildFile; fileRef = 5ECB79BF29E2C9F20094CE81 /* RecipesAssembly.swift */; };
		5ECB79C229E2CA330094CE81 /* RecipesPresenter.swift in Sources */ = {isa = PBXBuildFile; fileRef = 5ECB79C129E2CA330094CE81 /* RecipesPresenter.swift */; };
		5ECB79C429E2CA470094CE81 /* RecipesProtocols.swift in Sources */ = {isa = PBXBuildFile; fileRef = 5ECB79C329E2CA470094CE81 /* RecipesProtocols.swift */; };
		5ECB79C629E2CB600094CE81 /* RecipesInteractor.swift in Sources */ = {isa = PBXBuildFile; fileRef = 5ECB79C529E2CB600094CE81 /* RecipesInteractor.swift */; };
		5ECB79C829E2CB870094CE81 /* RecipesRouter.swift in Sources */ = {isa = PBXBuildFile; fileRef = 5ECB79C729E2CB870094CE81 /* RecipesRouter.swift */; };
		5ECB79CA29E2CBA50094CE81 /* RecipesWorker.swift in Sources */ = {isa = PBXBuildFile; fileRef = 5ECB79C929E2CBA50094CE81 /* RecipesWorker.swift */; };
		5ECB79CD29E2D2730094CE81 /* RecipesCell.swift in Sources */ = {isa = PBXBuildFile; fileRef = 5ECB79CC29E2D2730094CE81 /* RecipesCell.swift */; };
		5ECB79D329E33ADA0094CE81 /* PersonalViewController.swift in Sources */ = {isa = PBXBuildFile; fileRef = 5ECB79D229E33ADA0094CE81 /* PersonalViewController.swift */; };
		5ECB79D529E371CF0094CE81 /* StoriesStackView.swift in Sources */ = {isa = PBXBuildFile; fileRef = 5ECB79D429E371CF0094CE81 /* StoriesStackView.swift */; };
		5ECB7A0029E6A66E0094CE81 /* CategoryStackView.swift in Sources */ = {isa = PBXBuildFile; fileRef = 5ECB79FF29E6A66E0094CE81 /* CategoryStackView.swift */; };
		5ECB7A0229E6A70B0094CE81 /* CategoryContainer.swift in Sources */ = {isa = PBXBuildFile; fileRef = 5ECB7A0129E6A70B0094CE81 /* CategoryContainer.swift */; };
		5ECB7A0429E6AC200094CE81 /* CusineStackView.swift in Sources */ = {isa = PBXBuildFile; fileRef = 5ECB7A0329E6AC200094CE81 /* CusineStackView.swift */; };
		5ECB7A0929E6CABF0094CE81 /* PersonalInfoView.swift in Sources */ = {isa = PBXBuildFile; fileRef = 5ECB7A0829E6CABF0094CE81 /* PersonalInfoView.swift */; };
		5ECB7A0C29E6CBAD0094CE81 /* UserInfo.swift in Sources */ = {isa = PBXBuildFile; fileRef = 5ECB7A0B29E6CBAD0094CE81 /* UserInfo.swift */; };
		5ECB7A0E29E6CD340094CE81 /* RewardViewController.swift in Sources */ = {isa = PBXBuildFile; fileRef = 5ECB7A0D29E6CD340094CE81 /* RewardViewController.swift */; };
		5ECB7A1029E6CD410094CE81 /* RewardInfo.swift in Sources */ = {isa = PBXBuildFile; fileRef = 5ECB7A0F29E6CD410094CE81 /* RewardInfo.swift */; };
		5EF9F56729E9C746009D2ABD /* RegistrationRouter.swift in Sources */ = {isa = PBXBuildFile; fileRef = 5EF9F56629E9C746009D2ABD /* RegistrationRouter.swift */; };
		5EF9F56929E9C75A009D2ABD /* RegistrationWorker.swift in Sources */ = {isa = PBXBuildFile; fileRef = 5EF9F56829E9C75A009D2ABD /* RegistrationWorker.swift */; };
		5EF9F56B29E9C774009D2ABD /* RegistrationInteractor.swift in Sources */ = {isa = PBXBuildFile; fileRef = 5EF9F56A29E9C774009D2ABD /* RegistrationInteractor.swift */; };
		5EF9F56D29E9C789009D2ABD /* RegistrationPresenter.swift in Sources */ = {isa = PBXBuildFile; fileRef = 5EF9F56C29E9C789009D2ABD /* RegistrationPresenter.swift */; };
		5EF9F57029E9C7A2009D2ABD /* RegistrationAssembly.swift in Sources */ = {isa = PBXBuildFile; fileRef = 5EF9F56F29E9C7A2009D2ABD /* RegistrationAssembly.swift */; };
		5EF9F57329E9C7D3009D2ABD /* RegistrationInfo.swift in Sources */ = {isa = PBXBuildFile; fileRef = 5EF9F57229E9C7D3009D2ABD /* RegistrationInfo.swift */; };
		5EF9F57529E9C8FD009D2ABD /* RegistrationProtocols.swift in Sources */ = {isa = PBXBuildFile; fileRef = 5EF9F57429E9C8FD009D2ABD /* RegistrationProtocols.swift */; };
		5EF9F57729E9CB0C009D2ABD /* RegistrationViewController.swift in Sources */ = {isa = PBXBuildFile; fileRef = 5EF9F57629E9CB0C009D2ABD /* RegistrationViewController.swift */; };
		5EF9F57929E9CC2E009D2ABD /* TabBar.swift in Sources */ = {isa = PBXBuildFile; fileRef = 5EF9F57829E9CC2E009D2ABD /* TabBar.swift */; };
		5EF9F57B29E9CEB4009D2ABD /* PersonalAssembly.swift in Sources */ = {isa = PBXBuildFile; fileRef = 5EF9F57A29E9CEB4009D2ABD /* PersonalAssembly.swift */; };
		5EF9F57D29E9CEE7009D2ABD /* PersonalRouter.swift in Sources */ = {isa = PBXBuildFile; fileRef = 5EF9F57C29E9CEE7009D2ABD /* PersonalRouter.swift */; };
		5EF9F57F29E9CEF9009D2ABD /* PersonalInteractor.swift in Sources */ = {isa = PBXBuildFile; fileRef = 5EF9F57E29E9CEF9009D2ABD /* PersonalInteractor.swift */; };
		5EF9F58129E9CF0F009D2ABD /* PersonalPresenter.swift in Sources */ = {isa = PBXBuildFile; fileRef = 5EF9F58029E9CF0F009D2ABD /* PersonalPresenter.swift */; };
		5EF9F58329E9CF33009D2ABD /* PersonalWorker.swift in Sources */ = {isa = PBXBuildFile; fileRef = 5EF9F58229E9CF33009D2ABD /* PersonalWorker.swift */; };
		5EF9F58629E9CF53009D2ABD /* PersonalProtocols.swift in Sources */ = {isa = PBXBuildFile; fileRef = 5EF9F58529E9CF53009D2ABD /* PersonalProtocols.swift */; };
		5EF9F58829E9D58A009D2ABD /* RegistrationFactory.swift in Sources */ = {isa = PBXBuildFile; fileRef = 5EF9F58729E9D58A009D2ABD /* RegistrationFactory.swift */; };
		5EF9F58A29EAA48E009D2ABD /* ChangePersonalInfoViewController.swift in Sources */ = {isa = PBXBuildFile; fileRef = 5EF9F58929EAA48E009D2ABD /* ChangePersonalInfoViewController.swift */; };
		5EF9F58C29EAA587009D2ABD /* PersonalFactory.swift in Sources */ = {isa = PBXBuildFile; fileRef = 5EF9F58B29EAA587009D2ABD /* PersonalFactory.swift */; };
/* End PBXBuildFile section */

/* Begin PBXFileReference section */
		5E06CBC529EC0F3D00AC0BE4 /* NothingFoundStack.swift */ = {isa = PBXFileReference; lastKnownFileType = sourcecode.swift; path = NothingFoundStack.swift; sourceTree = "<group>"; };
		5E06CBD829EC5B4C00AC0BE4 /* StoriesProtocols.swift */ = {isa = PBXFileReference; lastKnownFileType = sourcecode.swift; path = StoriesProtocols.swift; sourceTree = "<group>"; };
		5E06CBDA29EC5B6400AC0BE4 /* StoriesModels.swift */ = {isa = PBXFileReference; lastKnownFileType = sourcecode.swift; path = StoriesModels.swift; sourceTree = "<group>"; };
		5E06CBDC29EC5C0100AC0BE4 /*  StoriesViewController.swift */ = {isa = PBXFileReference; lastKnownFileType = sourcecode.swift; path = " StoriesViewController.swift"; sourceTree = "<group>"; };
		5E06CBDF29EC5C5F00AC0BE4 /* StoriesScrollView.swift */ = {isa = PBXFileReference; lastKnownFileType = sourcecode.swift; path = StoriesScrollView.swift; sourceTree = "<group>"; };
		5E06CBE129EC5C7700AC0BE4 /* StackViewStories.swift */ = {isa = PBXFileReference; lastKnownFileType = sourcecode.swift; path = StackViewStories.swift; sourceTree = "<group>"; };
		5E4CA51029EAEB3D00EED734 /* NutritionMainInfoView.swift */ = {isa = PBXFileReference; lastKnownFileType = sourcecode.swift; path = NutritionMainInfoView.swift; sourceTree = "<group>"; };
		5E4CA51229EAEB5400EED734 /* NutritionInfoView.swift */ = {isa = PBXFileReference; lastKnownFileType = sourcecode.swift; path = NutritionInfoView.swift; sourceTree = "<group>"; };
		5E4CA51429EAEB8C00EED734 /* NutritionFactory.swift */ = {isa = PBXFileReference; lastKnownFileType = sourcecode.swift; path = NutritionFactory.swift; sourceTree = "<group>"; };
		5E4CA51629EAEE7700EED734 /* CaloriesView.swift */ = {isa = PBXFileReference; lastKnownFileType = sourcecode.swift; path = CaloriesView.swift; sourceTree = "<group>"; };
		5E4CA53129EB2D3200EED734 /* PersonalRecipesRouter.swift */ = {isa = PBXFileReference; lastKnownFileType = sourcecode.swift; path = PersonalRecipesRouter.swift; sourceTree = "<group>"; };
		5E4CA53329EB2D4D00EED734 /* PersonalRecipesAssembly.swift */ = {isa = PBXFileReference; lastKnownFileType = sourcecode.swift; path = PersonalRecipesAssembly.swift; sourceTree = "<group>"; };
		5E4CA53529EB2D6500EED734 /* PersonalRecipesWorker.swift */ = {isa = PBXFileReference; lastKnownFileType = sourcecode.swift; path = PersonalRecipesWorker.swift; sourceTree = "<group>"; };
		5E4CA53729EB2D7D00EED734 /* PersonalRecipesPresenter.swift */ = {isa = PBXFileReference; lastKnownFileType = sourcecode.swift; path = PersonalRecipesPresenter.swift; sourceTree = "<group>"; };
		5E4CA53929EB2D9400EED734 /* PersonalRecipesInteractor.swift */ = {isa = PBXFileReference; lastKnownFileType = sourcecode.swift; path = PersonalRecipesInteractor.swift; sourceTree = "<group>"; };
		5E4CA53B29EB2DB300EED734 /* PersonalRecipesProtocols.swift */ = {isa = PBXFileReference; lastKnownFileType = sourcecode.swift; path = PersonalRecipesProtocols.swift; sourceTree = "<group>"; };
		5E4CA53D29EB2DCD00EED734 /* PersonalRecipesViewController.swift */ = {isa = PBXFileReference; lastKnownFileType = sourcecode.swift; path = PersonalRecipesViewController.swift; sourceTree = "<group>"; };
		5E4CA53F29EBF0F500EED734 /* RewardCell.swift */ = {isa = PBXFileReference; lastKnownFileType = sourcecode.swift; path = RewardCell.swift; sourceTree = "<group>"; };
		5E9CBF3829D9E0FC00271B40 /* MainModels.swift */ = {isa = PBXFileReference; lastKnownFileType = sourcecode.swift; path = MainModels.swift; sourceTree = "<group>"; };
		5E9CBF3A29D9E20600271B40 /* MainAssembly.swift */ = {isa = PBXFileReference; lastKnownFileType = sourcecode.swift; path = MainAssembly.swift; sourceTree = "<group>"; };
		5E9CBF3C29D9E22300271B40 /* MainInteractor.swift */ = {isa = PBXFileReference; lastKnownFileType = sourcecode.swift; path = MainInteractor.swift; sourceTree = "<group>"; };
		5E9CBF3E29D9E27500271B40 /* MainPresenter.swift */ = {isa = PBXFileReference; lastKnownFileType = sourcecode.swift; path = MainPresenter.swift; sourceTree = "<group>"; };
		5E9CBF4029D9E29900271B40 /* MainRouter.swift */ = {isa = PBXFileReference; lastKnownFileType = sourcecode.swift; path = MainRouter.swift; sourceTree = "<group>"; };
		5E9CBF4229D9E2C900271B40 /* MainViewController.swift */ = {isa = PBXFileReference; lastKnownFileType = sourcecode.swift; path = MainViewController.swift; sourceTree = "<group>"; };
		5E9CBF4529DB05DA00271B40 /* MainProtocols.swift */ = {isa = PBXFileReference; lastKnownFileType = sourcecode.swift; path = MainProtocols.swift; sourceTree = "<group>"; };
		5E9CBF4729DB114500271B40 /* MainScreenFactory.swift */ = {isa = PBXFileReference; lastKnownFileType = sourcecode.swift; path = MainScreenFactory.swift; sourceTree = "<group>"; };
		5E9CBF4929DB125C00271B40 /* MainWorker.swift */ = {isa = PBXFileReference; lastKnownFileType = sourcecode.swift; path = MainWorker.swift; sourceTree = "<group>"; };
		5E9CBF4C29DB162E00271B40 /* API service.swift */ = {isa = PBXFileReference; lastKnownFileType = sourcecode.swift; path = "API service.swift"; sourceTree = "<group>"; };
		5E9CBF4E29DB352900271B40 /* IngredientSuggestionCell.swift */ = {isa = PBXFileReference; lastKnownFileType = sourcecode.swift; path = IngredientSuggestionCell.swift; sourceTree = "<group>"; };
		5E9CBF5129DB356600271B40 /* UIColor+Extension.swift */ = {isa = PBXFileReference; lastKnownFileType = sourcecode.swift; path = "UIColor+Extension.swift"; sourceTree = "<group>"; };
		5E9CBF5329DC79F700271B40 /* IngredientDataSource.swift */ = {isa = PBXFileReference; lastKnownFileType = sourcecode.swift; path = IngredientDataSource.swift; sourceTree = "<group>"; };
		5E9CBF5529DC7C3500271B40 /* IngredientSuggestion.swift */ = {isa = PBXFileReference; lastKnownFileType = sourcecode.swift; path = IngredientSuggestion.swift; sourceTree = "<group>"; };
		5EAFA49529C8BB1500F453EC /* FridgeRecipes.app */ = {isa = PBXFileReference; explicitFileType = wrapper.application; includeInIndex = 0; path = FridgeRecipes.app; sourceTree = BUILT_PRODUCTS_DIR; };
		5EAFA49829C8BB1600F453EC /* AppDelegate.swift */ = {isa = PBXFileReference; lastKnownFileType = sourcecode.swift; path = AppDelegate.swift; sourceTree = "<group>"; };
		5EAFA49A29C8BB1600F453EC /* SceneDelegate.swift */ = {isa = PBXFileReference; lastKnownFileType = sourcecode.swift; path = SceneDelegate.swift; sourceTree = "<group>"; };
		5EAFA49C29C8BB1600F453EC /* ViewController.swift */ = {isa = PBXFileReference; lastKnownFileType = sourcecode.swift; path = ViewController.swift; sourceTree = "<group>"; };
		5EAFA49F29C8BB1600F453EC /* Base */ = {isa = PBXFileReference; lastKnownFileType = file.storyboard; name = Base; path = Base.lproj/Main.storyboard; sourceTree = "<group>"; };
		5EAFA4A229C8BB1600F453EC /* FridgeRecipes.xcdatamodel */ = {isa = PBXFileReference; lastKnownFileType = wrapper.xcdatamodel; path = FridgeRecipes.xcdatamodel; sourceTree = "<group>"; };
		5EAFA4A429C8BB2900F453EC /* Assets.xcassets */ = {isa = PBXFileReference; lastKnownFileType = folder.assetcatalog; path = Assets.xcassets; sourceTree = "<group>"; };
		5EAFA4A729C8BB2900F453EC /* Base */ = {isa = PBXFileReference; lastKnownFileType = file.storyboard; name = Base; path = Base.lproj/LaunchScreen.storyboard; sourceTree = "<group>"; };
		5EAFA4A929C8BB2900F453EC /* Info.plist */ = {isa = PBXFileReference; lastKnownFileType = text.plist.xml; path = Info.plist; sourceTree = "<group>"; };
		5EB27FC529E6F93D00866252 /* PersonalContainerView.swift */ = {isa = PBXFileReference; lastKnownFileType = sourcecode.swift; path = PersonalContainerView.swift; sourceTree = "<group>"; };
		5EB27FCC29E706C800866252 /* RecipeInfoViewController.swift */ = {isa = PBXFileReference; lastKnownFileType = sourcecode.swift; path = RecipeInfoViewController.swift; sourceTree = "<group>"; };
		5EB27FCE29E706E300866252 /* RecipeInfoWorker.swift */ = {isa = PBXFileReference; lastKnownFileType = sourcecode.swift; path = RecipeInfoWorker.swift; sourceTree = "<group>"; };
		5EB27FD029E706F600866252 /* RecipeInfoRouter.swift */ = {isa = PBXFileReference; lastKnownFileType = sourcecode.swift; path = RecipeInfoRouter.swift; sourceTree = "<group>"; };
		5EB27FD229E7071200866252 /* RecipeInfoInteractor.swift */ = {isa = PBXFileReference; lastKnownFileType = sourcecode.swift; path = RecipeInfoInteractor.swift; sourceTree = "<group>"; };
		5EB27FD429E7072000866252 /* RecipeInfoPresenter.swift */ = {isa = PBXFileReference; lastKnownFileType = sourcecode.swift; path = RecipeInfoPresenter.swift; sourceTree = "<group>"; };
		5EB27FD629E7073200866252 /* RecipeInfoAssembly.swift */ = {isa = PBXFileReference; lastKnownFileType = sourcecode.swift; path = RecipeInfoAssembly.swift; sourceTree = "<group>"; };
		5EB27FD829E70E6B00866252 /* RecipeInfoProtocols.swift */ = {isa = PBXFileReference; lastKnownFileType = sourcecode.swift; path = RecipeInfoProtocols.swift; sourceTree = "<group>"; };
		5EB27FDA29E7132000866252 /* RecipeInfoFactory.swift */ = {isa = PBXFileReference; lastKnownFileType = sourcecode.swift; path = RecipeInfoFactory.swift; sourceTree = "<group>"; };
		5EB27FDC29E7138300866252 /* LikeButton.swift */ = {isa = PBXFileReference; lastKnownFileType = sourcecode.swift; path = LikeButton.swift; sourceTree = "<group>"; };
		5EB27FDE29E713A200866252 /* RoundButtonWithBlur.swift */ = {isa = PBXFileReference; lastKnownFileType = sourcecode.swift; path = RoundButtonWithBlur.swift; sourceTree = "<group>"; };
		5EB27FE029E7171600866252 /* RecipeInfoModel.swift */ = {isa = PBXFileReference; lastKnownFileType = sourcecode.swift; path = RecipeInfoModel.swift; sourceTree = "<group>"; };
		5EB27FE229E71C9700866252 /* LoadingSplashScreen.swift */ = {isa = PBXFileReference; lastKnownFileType = sourcecode.swift; path = LoadingSplashScreen.swift; sourceTree = "<group>"; };
		5EB27FE429E740E700866252 /* NutritionViewController.swift */ = {isa = PBXFileReference; lastKnownFileType = sourcecode.swift; path = NutritionViewController.swift; sourceTree = "<group>"; };
		5EB27FEB29E7445900866252 /* NutritionWorker.swift */ = {isa = PBXFileReference; lastKnownFileType = sourcecode.swift; path = NutritionWorker.swift; sourceTree = "<group>"; };
		5EB27FED29E7448600866252 /* NutritionInteractor.swift */ = {isa = PBXFileReference; lastKnownFileType = sourcecode.swift; path = NutritionInteractor.swift; sourceTree = "<group>"; };
		5EB27FEF29E7449A00866252 /* NutritionPresenter.swift */ = {isa = PBXFileReference; lastKnownFileType = sourcecode.swift; path = NutritionPresenter.swift; sourceTree = "<group>"; };
		5EB27FF129E744AF00866252 /* NutritionAssembly.swift */ = {isa = PBXFileReference; lastKnownFileType = sourcecode.swift; path = NutritionAssembly.swift; sourceTree = "<group>"; };
		5EB27FF329E744D300866252 /* NutritionProtocols.swift */ = {isa = PBXFileReference; lastKnownFileType = sourcecode.swift; path = NutritionProtocols.swift; sourceTree = "<group>"; };
		5EB27FF529E744FD00866252 /* NutritionModel.swift */ = {isa = PBXFileReference; lastKnownFileType = sourcecode.swift; path = NutritionModel.swift; sourceTree = "<group>"; };
		5ECB79B129E1D8400094CE81 /* NetworkError.swift */ = {isa = PBXFileReference; lastKnownFileType = sourcecode.swift; path = NetworkError.swift; sourceTree = "<group>"; };
		5ECB79B529E1DA350094CE81 /* FoodRequestUtils.swift */ = {isa = PBXFileReference; lastKnownFileType = sourcecode.swift; path = FoodRequestUtils.swift; sourceTree = "<group>"; };
		5ECB79B729E1EB500094CE81 /* RecipeInfo.swift */ = {isa = PBXFileReference; lastKnownFileType = sourcecode.swift; path = RecipeInfo.swift; sourceTree = "<group>"; };
		5ECB79BD29E2C99D0094CE81 /* RecipesViewController.swift */ = {isa = PBXFileReference; lastKnownFileType = sourcecode.swift; path = RecipesViewController.swift; sourceTree = "<group>"; };
		5ECB79BF29E2C9F20094CE81 /* RecipesAssembly.swift */ = {isa = PBXFileReference; lastKnownFileType = sourcecode.swift; path = RecipesAssembly.swift; sourceTree = "<group>"; };
		5ECB79C129E2CA330094CE81 /* RecipesPresenter.swift */ = {isa = PBXFileReference; lastKnownFileType = sourcecode.swift; path = RecipesPresenter.swift; sourceTree = "<group>"; };
		5ECB79C329E2CA470094CE81 /* RecipesProtocols.swift */ = {isa = PBXFileReference; lastKnownFileType = sourcecode.swift; path = RecipesProtocols.swift; sourceTree = "<group>"; };
		5ECB79C529E2CB600094CE81 /* RecipesInteractor.swift */ = {isa = PBXFileReference; lastKnownFileType = sourcecode.swift; path = RecipesInteractor.swift; sourceTree = "<group>"; };
		5ECB79C729E2CB870094CE81 /* RecipesRouter.swift */ = {isa = PBXFileReference; lastKnownFileType = sourcecode.swift; path = RecipesRouter.swift; sourceTree = "<group>"; };
		5ECB79C929E2CBA50094CE81 /* RecipesWorker.swift */ = {isa = PBXFileReference; lastKnownFileType = sourcecode.swift; path = RecipesWorker.swift; sourceTree = "<group>"; };
		5ECB79CC29E2D2730094CE81 /* RecipesCell.swift */ = {isa = PBXFileReference; lastKnownFileType = sourcecode.swift; path = RecipesCell.swift; sourceTree = "<group>"; };
		5ECB79D229E33ADA0094CE81 /* PersonalViewController.swift */ = {isa = PBXFileReference; lastKnownFileType = sourcecode.swift; path = PersonalViewController.swift; sourceTree = "<group>"; };
		5ECB79D429E371CF0094CE81 /* StoriesStackView.swift */ = {isa = PBXFileReference; lastKnownFileType = sourcecode.swift; path = StoriesStackView.swift; sourceTree = "<group>"; };
		5ECB79FF29E6A66E0094CE81 /* CategoryStackView.swift */ = {isa = PBXFileReference; lastKnownFileType = sourcecode.swift; path = CategoryStackView.swift; sourceTree = "<group>"; };
		5ECB7A0129E6A70B0094CE81 /* CategoryContainer.swift */ = {isa = PBXFileReference; lastKnownFileType = sourcecode.swift; path = CategoryContainer.swift; sourceTree = "<group>"; };
		5ECB7A0329E6AC200094CE81 /* CusineStackView.swift */ = {isa = PBXFileReference; lastKnownFileType = sourcecode.swift; path = CusineStackView.swift; sourceTree = "<group>"; };
		5ECB7A0829E6CABF0094CE81 /* PersonalInfoView.swift */ = {isa = PBXFileReference; lastKnownFileType = sourcecode.swift; path = PersonalInfoView.swift; sourceTree = "<group>"; };
		5ECB7A0B29E6CBAD0094CE81 /* UserInfo.swift */ = {isa = PBXFileReference; lastKnownFileType = sourcecode.swift; path = UserInfo.swift; sourceTree = "<group>"; };
		5ECB7A0D29E6CD340094CE81 /* RewardViewController.swift */ = {isa = PBXFileReference; lastKnownFileType = sourcecode.swift; path = RewardViewController.swift; sourceTree = "<group>"; };
		5ECB7A0F29E6CD410094CE81 /* RewardInfo.swift */ = {isa = PBXFileReference; lastKnownFileType = sourcecode.swift; path = RewardInfo.swift; sourceTree = "<group>"; };
		5EF9F56629E9C746009D2ABD /* RegistrationRouter.swift */ = {isa = PBXFileReference; lastKnownFileType = sourcecode.swift; path = RegistrationRouter.swift; sourceTree = "<group>"; };
		5EF9F56829E9C75A009D2ABD /* RegistrationWorker.swift */ = {isa = PBXFileReference; lastKnownFileType = sourcecode.swift; path = RegistrationWorker.swift; sourceTree = "<group>"; };
		5EF9F56A29E9C774009D2ABD /* RegistrationInteractor.swift */ = {isa = PBXFileReference; lastKnownFileType = sourcecode.swift; path = RegistrationInteractor.swift; sourceTree = "<group>"; };
		5EF9F56C29E9C789009D2ABD /* RegistrationPresenter.swift */ = {isa = PBXFileReference; lastKnownFileType = sourcecode.swift; path = RegistrationPresenter.swift; sourceTree = "<group>"; };
		5EF9F56F29E9C7A2009D2ABD /* RegistrationAssembly.swift */ = {isa = PBXFileReference; lastKnownFileType = sourcecode.swift; path = RegistrationAssembly.swift; sourceTree = "<group>"; };
		5EF9F57229E9C7D3009D2ABD /* RegistrationInfo.swift */ = {isa = PBXFileReference; lastKnownFileType = sourcecode.swift; path = RegistrationInfo.swift; sourceTree = "<group>"; };
		5EF9F57429E9C8FD009D2ABD /* RegistrationProtocols.swift */ = {isa = PBXFileReference; lastKnownFileType = sourcecode.swift; path = RegistrationProtocols.swift; sourceTree = "<group>"; };
		5EF9F57629E9CB0C009D2ABD /* RegistrationViewController.swift */ = {isa = PBXFileReference; lastKnownFileType = sourcecode.swift; path = RegistrationViewController.swift; sourceTree = "<group>"; };
		5EF9F57829E9CC2E009D2ABD /* TabBar.swift */ = {isa = PBXFileReference; lastKnownFileType = sourcecode.swift; path = TabBar.swift; sourceTree = "<group>"; };
		5EF9F57A29E9CEB4009D2ABD /* PersonalAssembly.swift */ = {isa = PBXFileReference; lastKnownFileType = sourcecode.swift; path = PersonalAssembly.swift; sourceTree = "<group>"; };
		5EF9F57C29E9CEE7009D2ABD /* PersonalRouter.swift */ = {isa = PBXFileReference; lastKnownFileType = sourcecode.swift; path = PersonalRouter.swift; sourceTree = "<group>"; };
		5EF9F57E29E9CEF9009D2ABD /* PersonalInteractor.swift */ = {isa = PBXFileReference; lastKnownFileType = sourcecode.swift; path = PersonalInteractor.swift; sourceTree = "<group>"; };
		5EF9F58029E9CF0F009D2ABD /* PersonalPresenter.swift */ = {isa = PBXFileReference; lastKnownFileType = sourcecode.swift; path = PersonalPresenter.swift; sourceTree = "<group>"; };
		5EF9F58229E9CF33009D2ABD /* PersonalWorker.swift */ = {isa = PBXFileReference; lastKnownFileType = sourcecode.swift; path = PersonalWorker.swift; sourceTree = "<group>"; };
		5EF9F58529E9CF53009D2ABD /* PersonalProtocols.swift */ = {isa = PBXFileReference; lastKnownFileType = sourcecode.swift; path = PersonalProtocols.swift; sourceTree = "<group>"; };
		5EF9F58729E9D58A009D2ABD /* RegistrationFactory.swift */ = {isa = PBXFileReference; lastKnownFileType = sourcecode.swift; path = RegistrationFactory.swift; sourceTree = "<group>"; };
		5EF9F58929EAA48E009D2ABD /* ChangePersonalInfoViewController.swift */ = {isa = PBXFileReference; lastKnownFileType = sourcecode.swift; path = ChangePersonalInfoViewController.swift; sourceTree = "<group>"; };
		5EF9F58B29EAA587009D2ABD /* PersonalFactory.swift */ = {isa = PBXFileReference; lastKnownFileType = sourcecode.swift; path = PersonalFactory.swift; sourceTree = "<group>"; };
/* End PBXFileReference section */

/* Begin PBXFrameworksBuildPhase section */
		5EAFA49229C8BB1500F453EC /* Frameworks */ = {
			isa = PBXFrameworksBuildPhase;
			buildActionMask = 2147483647;
			files = (
			);
			runOnlyForDeploymentPostprocessing = 0;
		};
/* End PBXFrameworksBuildPhase section */

/* Begin PBXGroup section */
		5E06CBD429EC5B0600AC0BE4 /* StoriesScreen */ = {
			isa = PBXGroup;
			children = (
				5E06CBD729EC5B3C00AC0BE4 /* Protocols */,
				5E06CBD629EC5B3400AC0BE4 /* UI */,
				5E06CBD529EC5B2600AC0BE4 /* Models */,
			);
			path = StoriesScreen;
			sourceTree = "<group>";
		};
		5E06CBD529EC5B2600AC0BE4 /* Models */ = {
			isa = PBXGroup;
			children = (
				5E06CBDA29EC5B6400AC0BE4 /* StoriesModels.swift */,
			);
			path = Models;
			sourceTree = "<group>";
		};
		5E06CBD629EC5B3400AC0BE4 /* UI */ = {
			isa = PBXGroup;
			children = (
				5E06CBDE29EC5C5200AC0BE4 /* Components */,
				5E06CBDC29EC5C0100AC0BE4 /*  StoriesViewController.swift */,
			);
			path = UI;
			sourceTree = "<group>";
		};
		5E06CBD729EC5B3C00AC0BE4 /* Protocols */ = {
			isa = PBXGroup;
			children = (
				5E06CBD829EC5B4C00AC0BE4 /* StoriesProtocols.swift */,
			);
			path = Protocols;
			sourceTree = "<group>";
		};
		5E06CBDE29EC5C5200AC0BE4 /* Components */ = {
			isa = PBXGroup;
			children = (
				5E06CBDF29EC5C5F00AC0BE4 /* StoriesScrollView.swift */,
				5E06CBE129EC5C7700AC0BE4 /* StackViewStories.swift */,
			);
			path = Components;
			sourceTree = "<group>";
		};
		5E4CA52D29EB2D0D00EED734 /* PersonalRecipesScreen */ = {
			isa = PBXGroup;
			children = (
				5E4CA53029EB2D2400EED734 /* UI */,
				5E4CA52F29EB2D1E00EED734 /* Protocols */,
				5E4CA52E29EB2D1600EED734 /* Models */,
				5E4CA53129EB2D3200EED734 /* PersonalRecipesRouter.swift */,
				5E4CA53329EB2D4D00EED734 /* PersonalRecipesAssembly.swift */,
				5E4CA53529EB2D6500EED734 /* PersonalRecipesWorker.swift */,
				5E4CA53729EB2D7D00EED734 /* PersonalRecipesPresenter.swift */,
				5E4CA53929EB2D9400EED734 /* PersonalRecipesInteractor.swift */,
			);
			path = PersonalRecipesScreen;
			sourceTree = "<group>";
		};
		5E4CA52E29EB2D1600EED734 /* Models */ = {
			isa = PBXGroup;
			children = (
			);
			path = Models;
			sourceTree = "<group>";
		};
		5E4CA52F29EB2D1E00EED734 /* Protocols */ = {
			isa = PBXGroup;
			children = (
				5E4CA53B29EB2DB300EED734 /* PersonalRecipesProtocols.swift */,
			);
			path = Protocols;
			sourceTree = "<group>";
		};
		5E4CA53029EB2D2400EED734 /* UI */ = {
			isa = PBXGroup;
			children = (
				5E4CA53D29EB2DCD00EED734 /* PersonalRecipesViewController.swift */,
			);
			path = UI;
			sourceTree = "<group>";
		};
		5E9CBF3229D9DF9000271B40 /* src */ = {
			isa = PBXGroup;
			children = (
				5ECB79B329E1D9ED0094CE81 /* Network */,
				5E9CBF3329D9DFA300271B40 /* Screens */,
			);
			path = src;
			sourceTree = "<group>";
		};
		5E9CBF3329D9DFA300271B40 /* Screens */ = {
			isa = PBXGroup;
			children = (
				5E06CBD429EC5B0600AC0BE4 /* StoriesScreen */,
				5E4CA52D29EB2D0D00EED734 /* PersonalRecipesScreen */,
				5EF9F56229E9C6EA009D2ABD /* RegistrationView */,
				5EB27FE629E7414900866252 /* NutritionScreen */,
				5EB27FC729E7064B00866252 /* RecipeInfoScreen */,
				5ECB79D029E33A820094CE81 /* PersonalScreen */,
				5ECB79B929E2C90A0094CE81 /* RecipesScreen */,
				5E9CBF5029DB354F00271B40 /* Extensions */,
				5E9CBF3429D9DFB400271B40 /* MainScreen */,
				5EF9F57829E9CC2E009D2ABD /* TabBar.swift */,
			);
			path = Screens;
			sourceTree = "<group>";
		};
		5E9CBF3429D9DFB400271B40 /* MainScreen */ = {
			isa = PBXGroup;
			children = (
				5E9CBF4429DB05C100271B40 /* Protocols */,
				5E9CBF3629D9E0B100271B40 /* UI */,
				5E9CBF3529D9E07D00271B40 /* Models */,
				5E9CBF3A29D9E20600271B40 /* MainAssembly.swift */,
				5E9CBF3E29D9E27500271B40 /* MainPresenter.swift */,
				5E9CBF3C29D9E22300271B40 /* MainInteractor.swift */,
				5E9CBF4029D9E29900271B40 /* MainRouter.swift */,
				5E9CBF4929DB125C00271B40 /* MainWorker.swift */,
			);
			path = MainScreen;
			sourceTree = "<group>";
		};
		5E9CBF3529D9E07D00271B40 /* Models */ = {
			isa = PBXGroup;
			children = (
				5E9CBF3829D9E0FC00271B40 /* MainModels.swift */,
				5E9CBF5529DC7C3500271B40 /* IngredientSuggestion.swift */,
				5ECB79B129E1D8400094CE81 /* NetworkError.swift */,
				5ECB79B729E1EB500094CE81 /* RecipeInfo.swift */,
			);
			path = Models;
			sourceTree = "<group>";
		};
		5E9CBF3629D9E0B100271B40 /* UI */ = {
			isa = PBXGroup;
			children = (
				5E9CBF3729D9E0BE00271B40 /* Components */,
				5E9CBF4729DB114500271B40 /* MainScreenFactory.swift */,
				5E9CBF4229D9E2C900271B40 /* MainViewController.swift */,
			);
			path = UI;
			sourceTree = "<group>";
		};
		5E9CBF3729D9E0BE00271B40 /* Components */ = {
			isa = PBXGroup;
			children = (
				5E9CBF4E29DB352900271B40 /* IngredientSuggestionCell.swift */,
				5E9CBF5329DC79F700271B40 /* IngredientDataSource.swift */,
				5ECB79D429E371CF0094CE81 /* StoriesStackView.swift */,
				5ECB79FF29E6A66E0094CE81 /* CategoryStackView.swift */,
				5ECB7A0129E6A70B0094CE81 /* CategoryContainer.swift */,
				5ECB7A0329E6AC200094CE81 /* CusineStackView.swift */,
			);
			path = Components;
			sourceTree = "<group>";
		};
		5E9CBF4429DB05C100271B40 /* Protocols */ = {
			isa = PBXGroup;
			children = (
				5E9CBF4529DB05DA00271B40 /* MainProtocols.swift */,
			);
			path = Protocols;
			sourceTree = "<group>";
		};
		5E9CBF4B29DB161500271B40 /* Service */ = {
			isa = PBXGroup;
			children = (
				5E9CBF4C29DB162E00271B40 /* API service.swift */,
			);
			path = Service;
			sourceTree = "<group>";
		};
		5E9CBF5029DB354F00271B40 /* Extensions */ = {
			isa = PBXGroup;
			children = (
				5E9CBF5129DB356600271B40 /* UIColor+Extension.swift */,
			);
			path = Extensions;
			sourceTree = "<group>";
		};
		5EAFA48C29C8BB1500F453EC = {
			isa = PBXGroup;
			children = (
				5EAFA49729C8BB1600F453EC /* FridgeRecipes */,
				5EAFA49629C8BB1600F453EC /* Products */,
			);
			sourceTree = "<group>";
		};
		5EAFA49629C8BB1600F453EC /* Products */ = {
			isa = PBXGroup;
			children = (
				5EAFA49529C8BB1500F453EC /* FridgeRecipes.app */,
			);
			name = Products;
			sourceTree = "<group>";
		};
		5EAFA49729C8BB1600F453EC /* FridgeRecipes */ = {
			isa = PBXGroup;
			children = (
				5E9CBF3229D9DF9000271B40 /* src */,
				5EAFA49829C8BB1600F453EC /* AppDelegate.swift */,
				5EAFA49A29C8BB1600F453EC /* SceneDelegate.swift */,
				5EAFA49C29C8BB1600F453EC /* ViewController.swift */,
				5EAFA49E29C8BB1600F453EC /* Main.storyboard */,
				5EAFA4A429C8BB2900F453EC /* Assets.xcassets */,
				5EAFA4A629C8BB2900F453EC /* LaunchScreen.storyboard */,
				5EAFA4A929C8BB2900F453EC /* Info.plist */,
				5EAFA4A129C8BB1600F453EC /* FridgeRecipes.xcdatamodeld */,
			);
			path = FridgeRecipes;
			sourceTree = "<group>";
		};
		5EB27FC729E7064B00866252 /* RecipeInfoScreen */ = {
			isa = PBXGroup;
			children = (
				5EB27FCA29E7069300866252 /* Protocols */,
				5EB27FC929E7066400866252 /* UI */,
				5EB27FC829E7065E00866252 /* Models */,
				5EB27FD029E706F600866252 /* RecipeInfoRouter.swift */,
				5EB27FCE29E706E300866252 /* RecipeInfoWorker.swift */,
				5EB27FD229E7071200866252 /* RecipeInfoInteractor.swift */,
				5EB27FD429E7072000866252 /* RecipeInfoPresenter.swift */,
				5EB27FD629E7073200866252 /* RecipeInfoAssembly.swift */,
			);
			path = RecipeInfoScreen;
			sourceTree = "<group>";
		};
		5EB27FC829E7065E00866252 /* Models */ = {
			isa = PBXGroup;
			children = (
				5EB27FE029E7171600866252 /* RecipeInfoModel.swift */,
			);
			path = Models;
			sourceTree = "<group>";
		};
		5EB27FC929E7066400866252 /* UI */ = {
			isa = PBXGroup;
			children = (
				5EB27FCB29E706A700866252 /* Components */,
				5EB27FCC29E706C800866252 /* RecipeInfoViewController.swift */,
				5EB27FDA29E7132000866252 /* RecipeInfoFactory.swift */,
			);
			path = UI;
			sourceTree = "<group>";
		};
		5EB27FCA29E7069300866252 /* Protocols */ = {
			isa = PBXGroup;
			children = (
				5EB27FD829E70E6B00866252 /* RecipeInfoProtocols.swift */,
			);
			path = Protocols;
			sourceTree = "<group>";
		};
		5EB27FCB29E706A700866252 /* Components */ = {
			isa = PBXGroup;
			children = (
				5EB27FDC29E7138300866252 /* LikeButton.swift */,
				5EB27FDE29E713A200866252 /* RoundButtonWithBlur.swift */,
				5EB27FE229E71C9700866252 /* LoadingSplashScreen.swift */,
			);
			path = Components;
			sourceTree = "<group>";
		};
		5EB27FE629E7414900866252 /* NutritionScreen */ = {
			isa = PBXGroup;
			children = (
				5EB27FE929E7428300866252 /* Models */,
				5EB27FE829E7427900866252 /* UI */,
				5EB27FE729E7426500866252 /* Protocols */,
				5EB27FEB29E7445900866252 /* NutritionWorker.swift */,
				5EB27FED29E7448600866252 /* NutritionInteractor.swift */,
				5EB27FEF29E7449A00866252 /* NutritionPresenter.swift */,
				5EB27FF129E744AF00866252 /* NutritionAssembly.swift */,
			);
			path = NutritionScreen;
			sourceTree = "<group>";
		};
		5EB27FE729E7426500866252 /* Protocols */ = {
			isa = PBXGroup;
			children = (
				5EB27FF329E744D300866252 /* NutritionProtocols.swift */,
			);
			path = Protocols;
			sourceTree = "<group>";
		};
		5EB27FE829E7427900866252 /* UI */ = {
			isa = PBXGroup;
			children = (
				5EB27FEA29E7429000866252 /* Components */,
				5EB27FE429E740E700866252 /* NutritionViewController.swift */,
				5E4CA51429EAEB8C00EED734 /* NutritionFactory.swift */,
			);
			path = UI;
			sourceTree = "<group>";
		};
		5EB27FE929E7428300866252 /* Models */ = {
			isa = PBXGroup;
			children = (
				5EB27FF529E744FD00866252 /* NutritionModel.swift */,
			);
			path = Models;
			sourceTree = "<group>";
		};
		5EB27FEA29E7429000866252 /* Components */ = {
			isa = PBXGroup;
			children = (
				5E4CA51029EAEB3D00EED734 /* NutritionMainInfoView.swift */,
				5E4CA51229EAEB5400EED734 /* NutritionInfoView.swift */,
				5E4CA51629EAEE7700EED734 /* CaloriesView.swift */,
			);
			path = Components;
			sourceTree = "<group>";
		};
		5ECB79B329E1D9ED0094CE81 /* Network */ = {
			isa = PBXGroup;
			children = (
				5ECB79B429E1DA1B0094CE81 /* Requests */,
				5E9CBF4B29DB161500271B40 /* Service */,
			);
			path = Network;
			sourceTree = "<group>";
		};
		5ECB79B429E1DA1B0094CE81 /* Requests */ = {
			isa = PBXGroup;
			children = (
				5ECB79B529E1DA350094CE81 /* FoodRequestUtils.swift */,
			);
			path = Requests;
			sourceTree = "<group>";
		};
		5ECB79B929E2C90A0094CE81 /* RecipesScreen */ = {
			isa = PBXGroup;
			children = (
				5ECB79BC29E2C9420094CE81 /* Models */,
				5ECB79BB29E2C9370094CE81 /* UI */,
				5ECB79BA29E2C92C0094CE81 /* Protocols */,
				5ECB79BF29E2C9F20094CE81 /* RecipesAssembly.swift */,
				5ECB79C129E2CA330094CE81 /* RecipesPresenter.swift */,
				5ECB79C529E2CB600094CE81 /* RecipesInteractor.swift */,
				5ECB79C729E2CB870094CE81 /* RecipesRouter.swift */,
				5ECB79C929E2CBA50094CE81 /* RecipesWorker.swift */,
			);
			path = RecipesScreen;
			sourceTree = "<group>";
		};
		5ECB79BA29E2C92C0094CE81 /* Protocols */ = {
			isa = PBXGroup;
			children = (
				5ECB79C329E2CA470094CE81 /* RecipesProtocols.swift */,
			);
			path = Protocols;
			sourceTree = "<group>";
		};
		5ECB79BB29E2C9370094CE81 /* UI */ = {
			isa = PBXGroup;
			children = (
				5ECB79CB29E2D2580094CE81 /* Components */,
				5ECB79BD29E2C99D0094CE81 /* RecipesViewController.swift */,
			);
			path = UI;
			sourceTree = "<group>";
		};
		5ECB79BC29E2C9420094CE81 /* Models */ = {
			isa = PBXGroup;
			children = (
			);
			path = Models;
			sourceTree = "<group>";
		};
		5ECB79CB29E2D2580094CE81 /* Components */ = {
			isa = PBXGroup;
			children = (
				5ECB79CC29E2D2730094CE81 /* RecipesCell.swift */,
				5E06CBC529EC0F3D00AC0BE4 /* NothingFoundStack.swift */,
			);
			path = Components;
			sourceTree = "<group>";
		};
		5ECB79D029E33A820094CE81 /* PersonalScreen */ = {
			isa = PBXGroup;
			children = (
				5EF9F58429E9CF3F009D2ABD /* Protocols */,
				5ECB7A0A29E6CB9A0094CE81 /* Model */,
				5ECB79D129E33AC40094CE81 /* UI */,
				5EF9F57A29E9CEB4009D2ABD /* PersonalAssembly.swift */,
				5EF9F57C29E9CEE7009D2ABD /* PersonalRouter.swift */,
				5EF9F57E29E9CEF9009D2ABD /* PersonalInteractor.swift */,
				5EF9F58029E9CF0F009D2ABD /* PersonalPresenter.swift */,
				5EF9F58229E9CF33009D2ABD /* PersonalWorker.swift */,
			);
			path = PersonalScreen;
			sourceTree = "<group>";
		};
		5ECB79D129E33AC40094CE81 /* UI */ = {
			isa = PBXGroup;
			children = (
				5ECB7A0729E6CA8B0094CE81 /* Components */,
				5ECB79D229E33ADA0094CE81 /* PersonalViewController.swift */,
				5ECB7A0D29E6CD340094CE81 /* RewardViewController.swift */,
				5EF9F58929EAA48E009D2ABD /* ChangePersonalInfoViewController.swift */,
				5EF9F58B29EAA587009D2ABD /* PersonalFactory.swift */,
			);
			path = UI;
			sourceTree = "<group>";
		};
		5ECB7A0729E6CA8B0094CE81 /* Components */ = {
			isa = PBXGroup;
			children = (
				5ECB7A0829E6CABF0094CE81 /* PersonalInfoView.swift */,
				5EB27FC529E6F93D00866252 /* PersonalContainerView.swift */,
				5E4CA53F29EBF0F500EED734 /* RewardCell.swift */,
			);
			path = Components;
			sourceTree = "<group>";
		};
		5ECB7A0A29E6CB9A0094CE81 /* Model */ = {
			isa = PBXGroup;
			children = (
				5ECB7A0B29E6CBAD0094CE81 /* UserInfo.swift */,
				5ECB7A0F29E6CD410094CE81 /* RewardInfo.swift */,
			);
			path = Model;
			sourceTree = "<group>";
		};
		5EF9F56229E9C6EA009D2ABD /* RegistrationView */ = {
			isa = PBXGroup;
			children = (
				5EF9F56529E9C726009D2ABD /* Models */,
				5EF9F56429E9C713009D2ABD /* Protocols */,
				5EF9F56329E9C70E009D2ABD /* UI */,
				5EF9F56629E9C746009D2ABD /* RegistrationRouter.swift */,
				5EF9F56829E9C75A009D2ABD /* RegistrationWorker.swift */,
				5EF9F56A29E9C774009D2ABD /* RegistrationInteractor.swift */,
				5EF9F56C29E9C789009D2ABD /* RegistrationPresenter.swift */,
				5EF9F56F29E9C7A2009D2ABD /* RegistrationAssembly.swift */,
			);
			path = RegistrationView;
			sourceTree = "<group>";
		};
		5EF9F56329E9C70E009D2ABD /* UI */ = {
			isa = PBXGroup;
			children = (
				5EF9F57629E9CB0C009D2ABD /* RegistrationViewController.swift */,
				5EF9F58729E9D58A009D2ABD /* RegistrationFactory.swift */,
			);
			path = UI;
			sourceTree = "<group>";
		};
		5EF9F56429E9C713009D2ABD /* Protocols */ = {
			isa = PBXGroup;
			children = (
				5EF9F57429E9C8FD009D2ABD /* RegistrationProtocols.swift */,
			);
			path = Protocols;
			sourceTree = "<group>";
		};
		5EF9F56529E9C726009D2ABD /* Models */ = {
			isa = PBXGroup;
			children = (
				5EF9F57229E9C7D3009D2ABD /* RegistrationInfo.swift */,
			);
			path = Models;
			sourceTree = "<group>";
		};
		5EF9F58429E9CF3F009D2ABD /* Protocols */ = {
			isa = PBXGroup;
			children = (
				5EF9F58529E9CF53009D2ABD /* PersonalProtocols.swift */,
			);
			path = Protocols;
			sourceTree = "<group>";
		};
/* End PBXGroup section */

/* Begin PBXNativeTarget section */
		5EAFA49429C8BB1500F453EC /* FridgeRecipes */ = {
			isa = PBXNativeTarget;
			buildConfigurationList = 5EAFA4AC29C8BB2900F453EC /* Build configuration list for PBXNativeTarget "FridgeRecipes" */;
			buildPhases = (
				5EAFA49129C8BB1500F453EC /* Sources */,
				5EAFA49229C8BB1500F453EC /* Frameworks */,
				5EAFA49329C8BB1500F453EC /* Resources */,
			);
			buildRules = (
			);
			dependencies = (
			);
			name = FridgeRecipes;
			productName = FridgeRecipes;
			productReference = 5EAFA49529C8BB1500F453EC /* FridgeRecipes.app */;
			productType = "com.apple.product-type.application";
		};
/* End PBXNativeTarget section */

/* Begin PBXProject section */
		5EAFA48D29C8BB1500F453EC /* Project object */ = {
			isa = PBXProject;
			attributes = {
				BuildIndependentTargetsInParallel = 1;
				LastSwiftUpdateCheck = 1320;
				LastUpgradeCheck = 1320;
				TargetAttributes = {
					5EAFA49429C8BB1500F453EC = {
						CreatedOnToolsVersion = 13.2.1;
					};
				};
			};
			buildConfigurationList = 5EAFA49029C8BB1500F453EC /* Build configuration list for PBXProject "FridgeRecipes" */;
			compatibilityVersion = "Xcode 13.0";
			developmentRegion = en;
			hasScannedForEncodings = 0;
			knownRegions = (
				en,
				Base,
			);
			mainGroup = 5EAFA48C29C8BB1500F453EC;
			productRefGroup = 5EAFA49629C8BB1600F453EC /* Products */;
			projectDirPath = "";
			projectRoot = "";
			targets = (
				5EAFA49429C8BB1500F453EC /* FridgeRecipes */,
			);
		};
/* End PBXProject section */

/* Begin PBXResourcesBuildPhase section */
		5EAFA49329C8BB1500F453EC /* Resources */ = {
			isa = PBXResourcesBuildPhase;
			buildActionMask = 2147483647;
			files = (
				5EAFA4A829C8BB2900F453EC /* LaunchScreen.storyboard in Resources */,
				5EAFA4A529C8BB2900F453EC /* Assets.xcassets in Resources */,
				5EAFA4A029C8BB1600F453EC /* Main.storyboard in Resources */,
			);
			runOnlyForDeploymentPostprocessing = 0;
		};
/* End PBXResourcesBuildPhase section */

/* Begin PBXSourcesBuildPhase section */
		5EAFA49129C8BB1500F453EC /* Sources */ = {
			isa = PBXSourcesBuildPhase;
			buildActionMask = 2147483647;
			files = (
				5E06CBDB29EC5B6400AC0BE4 /* StoriesModels.swift in Sources */,
				5E9CBF4F29DB352900271B40 /* IngredientSuggestionCell.swift in Sources */,
				5ECB7A0029E6A66E0094CE81 /* CategoryStackView.swift in Sources */,
				5EB27FD729E7073200866252 /* RecipeInfoAssembly.swift in Sources */,
				5E9CBF4629DB05DA00271B40 /* MainProtocols.swift in Sources */,
				5ECB7A0C29E6CBAD0094CE81 /* UserInfo.swift in Sources */,
				5E4CA53629EB2D6500EED734 /* PersonalRecipesWorker.swift in Sources */,
				5E9CBF4D29DB162E00271B40 /* API service.swift in Sources */,
				5EAFA49D29C8BB1600F453EC /* ViewController.swift in Sources */,
				5ECB79D529E371CF0094CE81 /* StoriesStackView.swift in Sources */,
				5EB27FCF29E706E300866252 /* RecipeInfoWorker.swift in Sources */,
				5ECB79C629E2CB600094CE81 /* RecipesInteractor.swift in Sources */,
				5E4CA53A29EB2D9400EED734 /* PersonalRecipesInteractor.swift in Sources */,
				5E06CBE229EC5C7700AC0BE4 /* StackViewStories.swift in Sources */,
				5E4CA51729EAEE7700EED734 /* CaloriesView.swift in Sources */,
				5ECB79CD29E2D2730094CE81 /* RecipesCell.swift in Sources */,
				5EAFA49929C8BB1600F453EC /* AppDelegate.swift in Sources */,
				5EF9F56B29E9C774009D2ABD /* RegistrationInteractor.swift in Sources */,
				5EAFA4A329C8BB1600F453EC /* FridgeRecipes.xcdatamodeld in Sources */,
				5ECB7A0929E6CABF0094CE81 /* PersonalInfoView.swift in Sources */,
				5EB27FCD29E706C800866252 /* RecipeInfoViewController.swift in Sources */,
				5EF9F56729E9C746009D2ABD /* RegistrationRouter.swift in Sources */,
				5EB27FE129E7171600866252 /* RecipeInfoModel.swift in Sources */,
				5E9CBF5629DC7C3500271B40 /* IngredientSuggestion.swift in Sources */,
				5E06CBDD29EC5C0100AC0BE4 /*  StoriesViewController.swift in Sources */,
				5EB27FEE29E7448600866252 /* NutritionInteractor.swift in Sources */,
				5E4CA53C29EB2DB300EED734 /* PersonalRecipesProtocols.swift in Sources */,
				5EF9F57029E9C7A2009D2ABD /* RegistrationAssembly.swift in Sources */,
				5E9CBF3F29D9E27500271B40 /* MainPresenter.swift in Sources */,
				5EF9F56929E9C75A009D2ABD /* RegistrationWorker.swift in Sources */,
				5EB27FD929E70E6B00866252 /* RecipeInfoProtocols.swift in Sources */,
				5E4CA53E29EB2DCD00EED734 /* PersonalRecipesViewController.swift in Sources */,
				5EB27FDF29E713A200866252 /* RoundButtonWithBlur.swift in Sources */,
				5E4CA51329EAEB5400EED734 /* NutritionInfoView.swift in Sources */,
				5E4CA53829EB2D7D00EED734 /* PersonalRecipesPresenter.swift in Sources */,
				5EB27FD529E7072000866252 /* RecipeInfoPresenter.swift in Sources */,
				5ECB79C229E2CA330094CE81 /* RecipesPresenter.swift in Sources */,
				5ECB79C829E2CB870094CE81 /* RecipesRouter.swift in Sources */,
				5E9CBF5229DB356600271B40 /* UIColor+Extension.swift in Sources */,
				5ECB79B829E1EB500094CE81 /* RecipeInfo.swift in Sources */,
				5ECB79B629E1DA350094CE81 /* FoodRequestUtils.swift in Sources */,
				5EB27FD329E7071200866252 /* RecipeInfoInteractor.swift in Sources */,
				5EB27FF629E744FD00866252 /* NutritionModel.swift in Sources */,
				5E4CA54029EBF0F500EED734 /* RewardCell.swift in Sources */,
				5EB27FF029E7449A00866252 /* NutritionPresenter.swift in Sources */,
				5EB27FF429E744D300866252 /* NutritionProtocols.swift in Sources */,
				5E4CA53229EB2D3200EED734 /* PersonalRecipesRouter.swift in Sources */,
				5EB27FC629E6F93D00866252 /* PersonalContainerView.swift in Sources */,
				5E4CA53429EB2D4D00EED734 /* PersonalRecipesAssembly.swift in Sources */,
				5EF9F57729E9CB0C009D2ABD /* RegistrationViewController.swift in Sources */,
				5EF9F58329E9CF33009D2ABD /* PersonalWorker.swift in Sources */,
				5EF9F56D29E9C789009D2ABD /* RegistrationPresenter.swift in Sources */,
				5EF9F57F29E9CEF9009D2ABD /* PersonalInteractor.swift in Sources */,
				5EB27FF229E744AF00866252 /* NutritionAssembly.swift in Sources */,
				5EAFA49B29C8BB1600F453EC /* SceneDelegate.swift in Sources */,
				5EB27FE329E71C9700866252 /* LoadingSplashScreen.swift in Sources */,
				5E06CBE029EC5C5F00AC0BE4 /* StoriesScrollView.swift in Sources */,
				5E9CBF4A29DB125C00271B40 /* MainWorker.swift in Sources */,
				5E4CA51529EAEB8C00EED734 /* NutritionFactory.swift in Sources */,
				5EB27FDD29E7138300866252 /* LikeButton.swift in Sources */,
				5EB27FD129E706F600866252 /* RecipeInfoRouter.swift in Sources */,
				5ECB79B229E1D8400094CE81 /* NetworkError.swift in Sources */,
				5E9CBF3B29D9E20600271B40 /* MainAssembly.swift in Sources */,
				5E9CBF5429DC79F700271B40 /* IngredientDataSource.swift in Sources */,
				5ECB79CA29E2CBA50094CE81 /* RecipesWorker.swift in Sources */,
				5EF9F57529E9C8FD009D2ABD /* RegistrationProtocols.swift in Sources */,
				5EF9F58A29EAA48E009D2ABD /* ChangePersonalInfoViewController.swift in Sources */,
				5EF9F57B29E9CEB4009D2ABD /* PersonalAssembly.swift in Sources */,
				5ECB79BE29E2C99D0094CE81 /* RecipesViewController.swift in Sources */,
				5EF9F57D29E9CEE7009D2ABD /* PersonalRouter.swift in Sources */,
				5E9CBF3D29D9E22300271B40 /* MainInteractor.swift in Sources */,
				5EF9F58C29EAA587009D2ABD /* PersonalFactory.swift in Sources */,
				5EF9F58629E9CF53009D2ABD /* PersonalProtocols.swift in Sources */,
				5ECB7A0E29E6CD340094CE81 /* RewardViewController.swift in Sources */,
				5E9CBF4829DB114500271B40 /* MainScreenFactory.swift in Sources */,
				5E06CBD929EC5B4C00AC0BE4 /* StoriesProtocols.swift in Sources */,
				5E4CA51129EAEB3D00EED734 /* NutritionMainInfoView.swift in Sources */,
				5ECB79D329E33ADA0094CE81 /* PersonalViewController.swift in Sources */,
				5E9CBF3929D9E0FC00271B40 /* MainModels.swift in Sources */,
				5EF9F58129E9CF0F009D2ABD /* PersonalPresenter.swift in Sources */,
				5ECB7A0429E6AC200094CE81 /* CusineStackView.swift in Sources */,
				5ECB7A1029E6CD410094CE81 /* RewardInfo.swift in Sources */,
				5E9CBF4129D9E29900271B40 /* MainRouter.swift in Sources */,
				5EF9F57929E9CC2E009D2ABD /* TabBar.swift in Sources */,
				5EF9F58829E9D58A009D2ABD /* RegistrationFactory.swift in Sources */,
				5EF9F57329E9C7D3009D2ABD /* RegistrationInfo.swift in Sources */,
				5EB27FDB29E7132000866252 /* RecipeInfoFactory.swift in Sources */,
				5ECB7A0229E6A70B0094CE81 /* CategoryContainer.swift in Sources */,
				5ECB79C429E2CA470094CE81 /* RecipesProtocols.swift in Sources */,
				5EB27FEC29E7445900866252 /* NutritionWorker.swift in Sources */,
				5ECB79C029E2C9F20094CE81 /* RecipesAssembly.swift in Sources */,
				5E06CBC629EC0F3D00AC0BE4 /* NothingFoundStack.swift in Sources */,
				5E9CBF4329D9E2C900271B40 /* MainViewController.swift in Sources */,
				5EB27FE529E740E700866252 /* NutritionViewController.swift in Sources */,
			);
			runOnlyForDeploymentPostprocessing = 0;
		};
/* End PBXSourcesBuildPhase section */

/* Begin PBXVariantGroup section */
		5EAFA49E29C8BB1600F453EC /* Main.storyboard */ = {
			isa = PBXVariantGroup;
			children = (
				5EAFA49F29C8BB1600F453EC /* Base */,
			);
			name = Main.storyboard;
			sourceTree = "<group>";
		};
		5EAFA4A629C8BB2900F453EC /* LaunchScreen.storyboard */ = {
			isa = PBXVariantGroup;
			children = (
				5EAFA4A729C8BB2900F453EC /* Base */,
			);
			name = LaunchScreen.storyboard;
			sourceTree = "<group>";
		};
/* End PBXVariantGroup section */

/* Begin XCBuildConfiguration section */
		5EAFA4AA29C8BB2900F453EC /* Debug */ = {
			isa = XCBuildConfiguration;
			buildSettings = {
				ALWAYS_SEARCH_USER_PATHS = NO;
				CLANG_ANALYZER_NONNULL = YES;
				CLANG_ANALYZER_NUMBER_OBJECT_CONVERSION = YES_AGGRESSIVE;
				CLANG_CXX_LANGUAGE_STANDARD = "gnu++17";
				CLANG_CXX_LIBRARY = "libc++";
				CLANG_ENABLE_MODULES = YES;
				CLANG_ENABLE_OBJC_ARC = YES;
				CLANG_ENABLE_OBJC_WEAK = YES;
				CLANG_WARN_BLOCK_CAPTURE_AUTORELEASING = YES;
				CLANG_WARN_BOOL_CONVERSION = YES;
				CLANG_WARN_COMMA = YES;
				CLANG_WARN_CONSTANT_CONVERSION = YES;
				CLANG_WARN_DEPRECATED_OBJC_IMPLEMENTATIONS = YES;
				CLANG_WARN_DIRECT_OBJC_ISA_USAGE = YES_ERROR;
				CLANG_WARN_DOCUMENTATION_COMMENTS = YES;
				CLANG_WARN_EMPTY_BODY = YES;
				CLANG_WARN_ENUM_CONVERSION = YES;
				CLANG_WARN_INFINITE_RECURSION = YES;
				CLANG_WARN_INT_CONVERSION = YES;
				CLANG_WARN_NON_LITERAL_NULL_CONVERSION = YES;
				CLANG_WARN_OBJC_IMPLICIT_RETAIN_SELF = YES;
				CLANG_WARN_OBJC_LITERAL_CONVERSION = YES;
				CLANG_WARN_OBJC_ROOT_CLASS = YES_ERROR;
				CLANG_WARN_QUOTED_INCLUDE_IN_FRAMEWORK_HEADER = YES;
				CLANG_WARN_RANGE_LOOP_ANALYSIS = YES;
				CLANG_WARN_STRICT_PROTOTYPES = YES;
				CLANG_WARN_SUSPICIOUS_MOVE = YES;
				CLANG_WARN_UNGUARDED_AVAILABILITY = YES_AGGRESSIVE;
				CLANG_WARN_UNREACHABLE_CODE = YES;
				CLANG_WARN__DUPLICATE_METHOD_MATCH = YES;
				COPY_PHASE_STRIP = NO;
				DEBUG_INFORMATION_FORMAT = dwarf;
				ENABLE_STRICT_OBJC_MSGSEND = YES;
				ENABLE_TESTABILITY = YES;
				GCC_C_LANGUAGE_STANDARD = gnu11;
				GCC_DYNAMIC_NO_PIC = NO;
				GCC_NO_COMMON_BLOCKS = YES;
				GCC_OPTIMIZATION_LEVEL = 0;
				GCC_PREPROCESSOR_DEFINITIONS = (
					"DEBUG=1",
					"$(inherited)",
				);
				GCC_WARN_64_TO_32_BIT_CONVERSION = YES;
				GCC_WARN_ABOUT_RETURN_TYPE = YES_ERROR;
				GCC_WARN_UNDECLARED_SELECTOR = YES;
				GCC_WARN_UNINITIALIZED_AUTOS = YES_AGGRESSIVE;
				GCC_WARN_UNUSED_FUNCTION = YES;
				GCC_WARN_UNUSED_VARIABLE = YES;
				IPHONEOS_DEPLOYMENT_TARGET = 15.2;
				MTL_ENABLE_DEBUG_INFO = INCLUDE_SOURCE;
				MTL_FAST_MATH = YES;
				ONLY_ACTIVE_ARCH = YES;
				SDKROOT = iphoneos;
				SWIFT_ACTIVE_COMPILATION_CONDITIONS = DEBUG;
				SWIFT_OPTIMIZATION_LEVEL = "-Onone";
			};
			name = Debug;
		};
		5EAFA4AB29C8BB2900F453EC /* Release */ = {
			isa = XCBuildConfiguration;
			buildSettings = {
				ALWAYS_SEARCH_USER_PATHS = NO;
				CLANG_ANALYZER_NONNULL = YES;
				CLANG_ANALYZER_NUMBER_OBJECT_CONVERSION = YES_AGGRESSIVE;
				CLANG_CXX_LANGUAGE_STANDARD = "gnu++17";
				CLANG_CXX_LIBRARY = "libc++";
				CLANG_ENABLE_MODULES = YES;
				CLANG_ENABLE_OBJC_ARC = YES;
				CLANG_ENABLE_OBJC_WEAK = YES;
				CLANG_WARN_BLOCK_CAPTURE_AUTORELEASING = YES;
				CLANG_WARN_BOOL_CONVERSION = YES;
				CLANG_WARN_COMMA = YES;
				CLANG_WARN_CONSTANT_CONVERSION = YES;
				CLANG_WARN_DEPRECATED_OBJC_IMPLEMENTATIONS = YES;
				CLANG_WARN_DIRECT_OBJC_ISA_USAGE = YES_ERROR;
				CLANG_WARN_DOCUMENTATION_COMMENTS = YES;
				CLANG_WARN_EMPTY_BODY = YES;
				CLANG_WARN_ENUM_CONVERSION = YES;
				CLANG_WARN_INFINITE_RECURSION = YES;
				CLANG_WARN_INT_CONVERSION = YES;
				CLANG_WARN_NON_LITERAL_NULL_CONVERSION = YES;
				CLANG_WARN_OBJC_IMPLICIT_RETAIN_SELF = YES;
				CLANG_WARN_OBJC_LITERAL_CONVERSION = YES;
				CLANG_WARN_OBJC_ROOT_CLASS = YES_ERROR;
				CLANG_WARN_QUOTED_INCLUDE_IN_FRAMEWORK_HEADER = YES;
				CLANG_WARN_RANGE_LOOP_ANALYSIS = YES;
				CLANG_WARN_STRICT_PROTOTYPES = YES;
				CLANG_WARN_SUSPICIOUS_MOVE = YES;
				CLANG_WARN_UNGUARDED_AVAILABILITY = YES_AGGRESSIVE;
				CLANG_WARN_UNREACHABLE_CODE = YES;
				CLANG_WARN__DUPLICATE_METHOD_MATCH = YES;
				COPY_PHASE_STRIP = NO;
				DEBUG_INFORMATION_FORMAT = "dwarf-with-dsym";
				ENABLE_NS_ASSERTIONS = NO;
				ENABLE_STRICT_OBJC_MSGSEND = YES;
				GCC_C_LANGUAGE_STANDARD = gnu11;
				GCC_NO_COMMON_BLOCKS = YES;
				GCC_WARN_64_TO_32_BIT_CONVERSION = YES;
				GCC_WARN_ABOUT_RETURN_TYPE = YES_ERROR;
				GCC_WARN_UNDECLARED_SELECTOR = YES;
				GCC_WARN_UNINITIALIZED_AUTOS = YES_AGGRESSIVE;
				GCC_WARN_UNUSED_FUNCTION = YES;
				GCC_WARN_UNUSED_VARIABLE = YES;
				IPHONEOS_DEPLOYMENT_TARGET = 15.2;
				MTL_ENABLE_DEBUG_INFO = NO;
				MTL_FAST_MATH = YES;
				SDKROOT = iphoneos;
				SWIFT_COMPILATION_MODE = wholemodule;
				SWIFT_OPTIMIZATION_LEVEL = "-O";
				VALIDATE_PRODUCT = YES;
			};
			name = Release;
		};
		5EAFA4AD29C8BB2900F453EC /* Debug */ = {
			isa = XCBuildConfiguration;
			buildSettings = {
				ASSETCATALOG_COMPILER_APPICON_NAME = AppIcon;
				ASSETCATALOG_COMPILER_GLOBAL_ACCENT_COLOR_NAME = AccentColor;
				CODE_SIGN_STYLE = Automatic;
				CURRENT_PROJECT_VERSION = 1;
				DEVELOPMENT_TEAM = CHVJJFPFSF;
				GENERATE_INFOPLIST_FILE = YES;
				INFOPLIST_FILE = FridgeRecipes/Info.plist;
				INFOPLIST_KEY_UIApplicationSupportsIndirectInputEvents = YES;
				INFOPLIST_KEY_UILaunchStoryboardName = LaunchScreen;
				INFOPLIST_KEY_UIMainStoryboardFile = Main;
				INFOPLIST_KEY_UISupportedInterfaceOrientations_iPad = "UIInterfaceOrientationPortrait UIInterfaceOrientationPortraitUpsideDown UIInterfaceOrientationLandscapeLeft UIInterfaceOrientationLandscapeRight";
				INFOPLIST_KEY_UISupportedInterfaceOrientations_iPhone = "UIInterfaceOrientationPortrait UIInterfaceOrientationLandscapeLeft UIInterfaceOrientationLandscapeRight";
				LD_RUNPATH_SEARCH_PATHS = (
					"$(inherited)",
					"@executable_path/Frameworks",
				);
				MARKETING_VERSION = 1.0;
				PRODUCT_BUNDLE_IDENTIFIER = hse.FridgeRecipes;
				PRODUCT_NAME = "$(TARGET_NAME)";
				SWIFT_EMIT_LOC_STRINGS = YES;
				SWIFT_VERSION = 5.0;
				TARGETED_DEVICE_FAMILY = "1,2";
			};
			name = Debug;
		};
		5EAFA4AE29C8BB2900F453EC /* Release */ = {
			isa = XCBuildConfiguration;
			buildSettings = {
				ASSETCATALOG_COMPILER_APPICON_NAME = AppIcon;
				ASSETCATALOG_COMPILER_GLOBAL_ACCENT_COLOR_NAME = AccentColor;
				CODE_SIGN_STYLE = Automatic;
				CURRENT_PROJECT_VERSION = 1;
				DEVELOPMENT_TEAM = CHVJJFPFSF;
				GENERATE_INFOPLIST_FILE = YES;
				INFOPLIST_FILE = FridgeRecipes/Info.plist;
				INFOPLIST_KEY_UIApplicationSupportsIndirectInputEvents = YES;
				INFOPLIST_KEY_UILaunchStoryboardName = LaunchScreen;
				INFOPLIST_KEY_UIMainStoryboardFile = Main;
				INFOPLIST_KEY_UISupportedInterfaceOrientations_iPad = "UIInterfaceOrientationPortrait UIInterfaceOrientationPortraitUpsideDown UIInterfaceOrientationLandscapeLeft UIInterfaceOrientationLandscapeRight";
				INFOPLIST_KEY_UISupportedInterfaceOrientations_iPhone = "UIInterfaceOrientationPortrait UIInterfaceOrientationLandscapeLeft UIInterfaceOrientationLandscapeRight";
				LD_RUNPATH_SEARCH_PATHS = (
					"$(inherited)",
					"@executable_path/Frameworks",
				);
				MARKETING_VERSION = 1.0;
				PRODUCT_BUNDLE_IDENTIFIER = hse.FridgeRecipes;
				PRODUCT_NAME = "$(TARGET_NAME)";
				SWIFT_EMIT_LOC_STRINGS = YES;
				SWIFT_VERSION = 5.0;
				TARGETED_DEVICE_FAMILY = "1,2";
			};
			name = Release;
		};
/* End XCBuildConfiguration section */

/* Begin XCConfigurationList section */
		5EAFA49029C8BB1500F453EC /* Build configuration list for PBXProject "FridgeRecipes" */ = {
			isa = XCConfigurationList;
			buildConfigurations = (
				5EAFA4AA29C8BB2900F453EC /* Debug */,
				5EAFA4AB29C8BB2900F453EC /* Release */,
			);
			defaultConfigurationIsVisible = 0;
			defaultConfigurationName = Release;
		};
		5EAFA4AC29C8BB2900F453EC /* Build configuration list for PBXNativeTarget "FridgeRecipes" */ = {
			isa = XCConfigurationList;
			buildConfigurations = (
				5EAFA4AD29C8BB2900F453EC /* Debug */,
				5EAFA4AE29C8BB2900F453EC /* Release */,
			);
			defaultConfigurationIsVisible = 0;
			defaultConfigurationName = Release;
		};
/* End XCConfigurationList section */

/* Begin XCVersionGroup section */
		5EAFA4A129C8BB1600F453EC /* FridgeRecipes.xcdatamodeld */ = {
			isa = XCVersionGroup;
			children = (
				5EAFA4A229C8BB1600F453EC /* FridgeRecipes.xcdatamodel */,
			);
			currentVersion = 5EAFA4A229C8BB1600F453EC /* FridgeRecipes.xcdatamodel */;
			path = FridgeRecipes.xcdatamodeld;
			sourceTree = "<group>";
			versionGroupType = wrapper.xcdatamodel;
		};
/* End XCVersionGroup section */
	};
	rootObject = 5EAFA48D29C8BB1500F453EC /* Project object */;
}
